PODS:
  - EMCLoginItem (1.0.1)
  - Sentry (4.1.0):
    - Sentry/Core (= 4.1.0)
  - Sentry/Core (4.1.0)
  - Sparkle (1.21.0)
  - SwiftyBeaver (1.6.1)

DEPENDENCIES:
  - EMCLoginItem
  - Sentry (from `https://github.com/getsentry/sentry-cocoa.git`, tag `4.1.0`)
  - Sparkle
  - SwiftyBeaver

SPEC REPOS:
  https://github.com/cocoapods/specs.git:
    - EMCLoginItem
    - Sparkle
    - SwiftyBeaver

EXTERNAL SOURCES:
  Sentry:
    :git: https://github.com/getsentry/sentry-cocoa.git
    :tag: 4.1.0

CHECKOUT OPTIONS:
  Sentry:
    :git: https://github.com/getsentry/sentry-cocoa.git
    :tag: 4.1.0

SPEC CHECKSUMS:
  EMCLoginItem: ac4a198cda3f4a8dc72797d2e89ad6c640624835
  Sentry: 44b85e768f435ede4d12ea279af588ff275c3939
  Sparkle: 24f10673813bf7c32d73ffa8a775590adefc40df
  SwiftyBeaver: ccfcdf85a04d429f1633f668650b0ce8020bda3a

PODFILE CHECKSUM: c4866ed69c45fd78b7713c9d8b1db4902b65862b

COCOAPODS: 1.7.5
