// !$*UTF8*$!
{
	archiveVersion = 1;
	classes = {
	};
	objectVersion = 51;
	objects = {

/* Begin PBXBuildFile section */
		097AC666E92ED1453E5E15BC /* libPods-AkkuTests.a in Frameworks */ = {isa = PBXBuildFile; fileRef = CF2A35E64B993C686985FB7B /* libPods-AkkuTests.a */; };
		49382A8A22FCB14A005A7722 /* PacketHeader.swift in Sources */ = {isa = PBXBuildFile; fileRef = 49382A8722FCB0E7005A7722 /* PacketHeader.swift */; };
		49382A8B22FCB6D4005A7722 /* PacketHeader.swift in Sources */ = {isa = PBXBuildFile; fileRef = 49382A8722FCB0E7005A7722 /* PacketHeader.swift */; };
		49415EB82189E68100C854F7 /* CommandParser.swift in Sources */ = {isa = PBXBuildFile; fileRef = 49A83C812189E1BB005BFBFD /* CommandParser.swift */; };
		49415EBD2189F56D00C854F7 /* BatteryInfo.swift in Sources */ = {isa = PBXBuildFile; fileRef = 49415EBB2189F56700C854F7 /* BatteryInfo.swift */; };
		49415EBE2189F57000C854F7 /* Connection.swift in Sources */ = {isa = PBXBuildFile; fileRef = 49415EB92189F55500C854F7 /* Connection.swift */; };
		49415EC1218A1C1F00C854F7 /* BatteryMenuItem.xib in Resources */ = {isa = PBXBuildFile; fileRef = 49415EC0218A1C1F00C854F7 /* BatteryMenuItem.xib */; };
		49415EC3218A1C7A00C854F7 /* BatteryMenuItemController.swift in Sources */ = {isa = PBXBuildFile; fileRef = 49415EC2218A1C7A00C854F7 /* BatteryMenuItemController.swift */; };
		49415EC7218B965E00C854F7 /* NSImage+tinting.swift in Sources */ = {isa = PBXBuildFile; fileRef = 49415EC6218B965E00C854F7 /* NSImage+tinting.swift */; };
		494BACA422F0C6E400F63741 /* CVarArg+hex.swift in Sources */ = {isa = PBXBuildFile; fileRef = 49A83C7521866F1D005BFBFD /* CVarArg+hex.swift */; };
		494BACA522F0C6E400F63741 /* kern_return_t+string.swift in Sources */ = {isa = PBXBuildFile; fileRef = 49A83C7821867150005BFBFD /* kern_return_t+string.swift */; };
		494BACB722F0C85000F63741 /* ParserTests.swift in Sources */ = {isa = PBXBuildFile; fileRef = 494BACB622F0C85000F63741 /* ParserTests.swift */; };
		494C8F1922F0D70C00ACF41D /* LogReader.swift in Sources */ = {isa = PBXBuildFile; fileRef = 4955173D22F0B02D00C775EE /* LogReader.swift */; };
		494C8F1B22F0EC0600ACF41D /* Connection.swift in Sources */ = {isa = PBXBuildFile; fileRef = 49415EB92189F55500C854F7 /* Connection.swift */; };
		494C8F1C22F0EC0600ACF41D /* BatteryInfo.swift in Sources */ = {isa = PBXBuildFile; fileRef = 49415EBB2189F56700C854F7 /* BatteryInfo.swift */; };
		494C8F1D22F0EC0600ACF41D /* RFCOMMChannel.swift in Sources */ = {isa = PBXBuildFile; fileRef = 49A57C392182359100119136 /* RFCOMMChannel.swift */; };
		494C8F1E22F0EC0600ACF41D /* ConnectionRequest.swift in Sources */ = {isa = PBXBuildFile; fileRef = 4996492D21A5ED2E0088D8FE /* ConnectionRequest.swift */; };
		494C8F1F22F0EC0A00ACF41D /* RFCOMMPacket.swift in Sources */ = {isa = PBXBuildFile; fileRef = 49A57C3B2182359100119136 /* RFCOMMPacket.swift */; };
		494C8F2022F0EC0A00ACF41D /* L2CapPacket.swift in Sources */ = {isa = PBXBuildFile; fileRef = 49A57C3C2182359100119136 /* L2CapPacket.swift */; };
		494C8F2122F0EC0A00ACF41D /* EventPacket.swift in Sources */ = {isa = PBXBuildFile; fileRef = 49A57C3D2182359100119136 /* EventPacket.swift */; };
		494C8F2222F0EC0A00ACF41D /* L2CapCommand.swift in Sources */ = {isa = PBXBuildFile; fileRef = 49A83C7B2189B3D3005BFBFD /* L2CapCommand.swift */; };
		494C8F2322F0EC0E00ACF41D /* BluetoothHCIError.swift in Sources */ = {isa = PBXBuildFile; fileRef = 49A57C3F2182359100119136 /* BluetoothHCIError.swift */; };
		494C8F2422F0EC0E00ACF41D /* PacketType.swift in Sources */ = {isa = PBXBuildFile; fileRef = 49A57C402182359100119136 /* PacketType.swift */; };
		494C8F2722F0EC5900ACF41D /* NSImage+tinting.swift in Sources */ = {isa = PBXBuildFile; fileRef = 49415EC6218B965E00C854F7 /* NSImage+tinting.swift */; };
		494C8F2C22F0EC9D00ACF41D /* Helper.swift in Sources */ = {isa = PBXBuildFile; fileRef = 53604C1F215E134500071149 /* Helper.swift */; };
		494C8F2D22F0ECA300ACF41D /* HelperAuthorizationRight.swift in Sources */ = {isa = PBXBuildFile; fileRef = 49A57C4A2182494100119136 /* HelperAuthorizationRight.swift */; };
		494C8F2E22F0ECA600ACF41D /* HelperAuthorization.swift in Sources */ = {isa = PBXBuildFile; fileRef = 49A57C4B2182494100119136 /* HelperAuthorization.swift */; };
		494C8F2F22F0ECA800ACF41D /* HelperProtocol.swift in Sources */ = {isa = PBXBuildFile; fileRef = 53604C25215E185D00071149 /* HelperProtocol.swift */; };
		494C8F3022F0EDE300ACF41D /* HelperProtocol.swift in Sources */ = {isa = PBXBuildFile; fileRef = 53604C25215E185D00071149 /* HelperProtocol.swift */; };
		494C8F3122F0EE0E00ACF41D /* BatteryInfo.swift in Sources */ = {isa = PBXBuildFile; fileRef = 49415EBB2189F56700C854F7 /* BatteryInfo.swift */; };
		494C8F3222F0EE1B00ACF41D /* Connection.swift in Sources */ = {isa = PBXBuildFile; fileRef = 49415EB92189F55500C854F7 /* Connection.swift */; };
		494C8F3422F0F18000ACF41D /* PacketParser.swift in Sources */ = {isa = PBXBuildFile; fileRef = 4955173F22F0B08900C775EE /* PacketParser.swift */; };
		494C8F3522F0F1C800ACF41D /* HelperConstants.swift in Sources */ = {isa = PBXBuildFile; fileRef = 53604C21215E13E200071149 /* HelperConstants.swift */; };
		494C8F3622F0F1E000ACF41D /* HelperAuthorization.swift in Sources */ = {isa = PBXBuildFile; fileRef = 49A57C4B2182494100119136 /* HelperAuthorization.swift */; };
		494C8F3722F0F1F300ACF41D /* HelperAuthorizationRight.swift in Sources */ = {isa = PBXBuildFile; fileRef = 49A57C4A2182494100119136 /* HelperAuthorizationRight.swift */; };
		494C8F3922F0F43E00ACF41D /* main.swift in Sources */ = {isa = PBXBuildFile; fileRef = 494C8F3822F0F43E00ACF41D /* main.swift */; };
		494C8F3A22F0F49400ACF41D /* CVarArg+hex.swift in Sources */ = {isa = PBXBuildFile; fileRef = 49A83C7521866F1D005BFBFD /* CVarArg+hex.swift */; };
		494C8F3B22F0F4A700ACF41D /* CommandParser.swift in Sources */ = {isa = PBXBuildFile; fileRef = 49A83C812189E1BB005BFBFD /* CommandParser.swift */; };
		4955174122F0BD4D00C775EE /* PacketParser.swift in Sources */ = {isa = PBXBuildFile; fileRef = 4955173F22F0B08900C775EE /* PacketParser.swift */; };
		496B297022F3875700ED191B /* MOMENTUM 2 AEBT.pklg in Resources */ = {isa = PBXBuildFile; fileRef = 496B296F22F3875700ED191B /* MOMENTUM 2 AEBT.pklg */; };
		496B297222F3894200ED191B /* BOSE QUIETCOMFORT.pklg in Resources */ = {isa = PBXBuildFile; fileRef = 496B297122F3894200ED191B /* BOSE QUIETCOMFORT.pklg */; };
		496B297622F38BAF00ED191B /* BOSE QUIETCOMFORT.pklg in Copy test data */ = {isa = PBXBuildFile; fileRef = 496B297122F3894200ED191B /* BOSE QUIETCOMFORT.pklg */; };
		496B297722F38BAF00ED191B /* MOMENTUM 2 AEBT.pklg in Copy test data */ = {isa = PBXBuildFile; fileRef = 496B296F22F3875700ED191B /* MOMENTUM 2 AEBT.pklg */; };
		496B297C22F4851800ED191B /* VEHO ZB-6.pklg in Resources */ = {isa = PBXBuildFile; fileRef = 496B297B22F4851800ED191B /* VEHO ZB-6.pklg */; };
		496B297D22F4853F00ED191B /* VEHO ZB-6.pklg in Copy test data */ = {isa = PBXBuildFile; fileRef = 496B297B22F4851800ED191B /* VEHO ZB-6.pklg */; };
		496B297F22F4856500ED191B /* Sennheiser HD 4.50 BTNC.pklg in Resources */ = {isa = PBXBuildFile; fileRef = 496B297E22F4856500ED191B /* Sennheiser HD 4.50 BTNC.pklg */; };
		496B298022F485FB00ED191B /* Sennheiser HD 4.50 BTNC.pklg in Copy test data */ = {isa = PBXBuildFile; fileRef = 496B297E22F4856500ED191B /* Sennheiser HD 4.50 BTNC.pklg */; };
		4996492F21A5F5EF0088D8FE /* ConnectionRequest.swift in Sources */ = {isa = PBXBuildFile; fileRef = 4996492D21A5ED2E0088D8FE /* ConnectionRequest.swift */; };
		49A57C432182359100119136 /* RFCOMMChannel.swift in Sources */ = {isa = PBXBuildFile; fileRef = 49A57C392182359100119136 /* RFCOMMChannel.swift */; };
		49A57C442182359100119136 /* RFCOMMPacket.swift in Sources */ = {isa = PBXBuildFile; fileRef = 49A57C3B2182359100119136 /* RFCOMMPacket.swift */; };
		49A57C452182359100119136 /* L2CapPacket.swift in Sources */ = {isa = PBXBuildFile; fileRef = 49A57C3C2182359100119136 /* L2CapPacket.swift */; };
		49A57C462182359100119136 /* EventPacket.swift in Sources */ = {isa = PBXBuildFile; fileRef = 49A57C3D2182359100119136 /* EventPacket.swift */; };
		49A57C472182359100119136 /* BluetoothHCIError.swift in Sources */ = {isa = PBXBuildFile; fileRef = 49A57C3F2182359100119136 /* BluetoothHCIError.swift */; };
		49A57C482182359100119136 /* PacketType.swift in Sources */ = {isa = PBXBuildFile; fileRef = 49A57C402182359100119136 /* PacketType.swift */; };
		49A57C492182359100119136 /* Driver.swift in Sources */ = {isa = PBXBuildFile; fileRef = 49A57C412182359100119136 /* Driver.swift */; };
		49A57C5121824AA400119136 /* HelperInstaller.swift in Sources */ = {isa = PBXBuildFile; fileRef = 49A57C5021824AA400119136 /* HelperInstaller.swift */; };
		49A57C5321824B1A00119136 /* StatusMenuController.swift in Sources */ = {isa = PBXBuildFile; fileRef = 49A57C5221824B1A00119136 /* StatusMenuController.swift */; };
		49A57C55218250CA00119136 /* HelperInstaller.xib in Resources */ = {isa = PBXBuildFile; fileRef = 49A57C54218250CA00119136 /* HelperInstaller.xib */; };
		49A83C7721866F7C005BFBFD /* CVarArg+hex.swift in Sources */ = {isa = PBXBuildFile; fileRef = 49A83C7521866F1D005BFBFD /* CVarArg+hex.swift */; };
		49A83C7A21867235005BFBFD /* kern_return_t+string.swift in Sources */ = {isa = PBXBuildFile; fileRef = 49A83C7821867150005BFBFD /* kern_return_t+string.swift */; };
		49A83C7D2189BECB005BFBFD /* L2CapCommand.swift in Sources */ = {isa = PBXBuildFile; fileRef = 49A83C7B2189B3D3005BFBFD /* L2CapCommand.swift */; };
		49C458B221ABFB7C00AB9FB9 /* Extensions.swift in Sources */ = {isa = PBXBuildFile; fileRef = 49C458B121ABFB7C00AB9FB9 /* Extensions.swift */; };
		49FD57E921BE9DAA00B2A5CE /* Podfile in Resources */ = {isa = PBXBuildFile; fileRef = 49FD57E821BE9DAA00B2A5CE /* Podfile */; };
		53604C07215E12F300071149 /* AppDelegate.swift in Sources */ = {isa = PBXBuildFile; fileRef = 53604C06215E12F300071149 /* AppDelegate.swift */; };
		53604C09215E12F400071149 /* Assets.xcassets in Resources */ = {isa = PBXBuildFile; fileRef = 53604C08215E12F400071149 /* Assets.xcassets */; };
		53604C0C215E12F400071149 /* MainMenu.xib in Resources */ = {isa = PBXBuildFile; fileRef = 53604C0A215E12F400071149 /* MainMenu.xib */; };
		53604C1B215E131E00071149 /* main.swift in Sources */ = {isa = PBXBuildFile; fileRef = 53604C1A215E131E00071149 /* main.swift */; };
		53604C22215E13E200071149 /* HelperConstants.swift in Sources */ = {isa = PBXBuildFile; fileRef = 53604C21215E13E200071149 /* HelperConstants.swift */; };
		53604C2A215E1B0100071149 /* AppProtocol.swift in Sources */ = {isa = PBXBuildFile; fileRef = 53604C29215E1B0100071149 /* AppProtocol.swift */; };
		53604C2C215E1C2700071149 /* AppProtocol.swift in Sources */ = {isa = PBXBuildFile; fileRef = 53604C29215E1B0100071149 /* AppProtocol.swift */; };
		53604C2E215E1CFB00071149 /* io.jari.AkkuHelper in Copy Helper */ = {isa = PBXBuildFile; fileRef = 53604C18215E131D00071149 /* io.jari.AkkuHelper */; settings = {ATTRIBUTES = (CodeSignOnCopy, ); }; };
		53C6B95E216767F0001A80FD /* CodesignCheck.swift in Sources */ = {isa = PBXBuildFile; fileRef = 53C6B95921676219001A80FD /* CodesignCheck.swift */; };
		A67226C22997AFAB255AD179 /* Pods_Akku.framework in Frameworks */ = {isa = PBXBuildFile; fileRef = F97EDD0801ADD1255902D6C0 /* Pods_Akku.framework */; };
		AC2A73A073EAF4D60B90A5A4 /* Pods_io_jari_AkkuHelper.framework in Frameworks */ = {isa = PBXBuildFile; fileRef = 3B116B1BDC658F4CBA4B3348 /* Pods_io_jari_AkkuHelper.framework */; };
/* End PBXBuildFile section */

/* Begin PBXContainerItemProxy section */
		494BACB922F0C85000F63741 /* PBXContainerItemProxy */ = {
			isa = PBXContainerItemProxy;
			containerPortal = 53604BFB215E12F300071149 /* Project object */;
			proxyType = 1;
			remoteGlobalIDString = 53604C02215E12F300071149;
			remoteInfo = Akku;
		};
		49A57C342181DA1C00119136 /* PBXContainerItemProxy */ = {
			isa = PBXContainerItemProxy;
			containerPortal = 53604BFB215E12F300071149 /* Project object */;
			proxyType = 1;
			remoteGlobalIDString = 53604C17215E131D00071149;
			remoteInfo = io.jari.AkkuHelper;
		};
/* End PBXContainerItemProxy section */

/* Begin PBXCopyFilesBuildPhase section */
		496B297322F38B2100ED191B /* Copy test data */ = {
			isa = PBXCopyFilesBuildPhase;
			buildActionMask = 2147483647;
			dstPath = TestData;
			dstSubfolderSpec = 16;
			files = (
				496B298022F485FB00ED191B /* Sennheiser HD 4.50 BTNC.pklg in Copy test data */,
				496B297D22F4853F00ED191B /* VEHO ZB-6.pklg in Copy test data */,
				496B297622F38BAF00ED191B /* BOSE QUIETCOMFORT.pklg in Copy test data */,
				496B297722F38BAF00ED191B /* MOMENTUM 2 AEBT.pklg in Copy test data */,
			);
			name = "Copy test data";
			runOnlyForDeploymentPostprocessing = 0;
		};
		53604C16215E131D00071149 /* CopyFiles */ = {
			isa = PBXCopyFilesBuildPhase;
			buildActionMask = 2147483647;
			dstPath = /usr/share/man/man1/;
			dstSubfolderSpec = 0;
			files = (
			);
			runOnlyForDeploymentPostprocessing = 1;
		};
		53604C2D215E1CE600071149 /* Copy Helper */ = {
			isa = PBXCopyFilesBuildPhase;
			buildActionMask = 2147483647;
			dstPath = Contents/Library/LaunchServices;
			dstSubfolderSpec = 1;
			files = (
				53604C2E215E1CFB00071149 /* io.jari.AkkuHelper in Copy Helper */,
			);
			name = "Copy Helper";
			runOnlyForDeploymentPostprocessing = 0;
		};
/* End PBXCopyFilesBuildPhase section */

/* Begin PBXFileReference section */
		3B116B1BDC658F4CBA4B3348 /* Pods_io_jari_AkkuHelper.framework */ = {isa = PBXFileReference; explicitFileType = wrapper.framework; includeInIndex = 0; path = Pods_io_jari_AkkuHelper.framework; sourceTree = BUILT_PRODUCTS_DIR; };
		45E1786BB16FAE0C4FF70254 /* Pods-Akku.release.xcconfig */ = {isa = PBXFileReference; includeInIndex = 1; lastKnownFileType = text.xcconfig; name = "Pods-Akku.release.xcconfig"; path = "Pods/Target Support Files/Pods-Akku/Pods-Akku.release.xcconfig"; sourceTree = "<group>"; };
		49382A8722FCB0E7005A7722 /* PacketHeader.swift */ = {isa = PBXFileReference; lastKnownFileType = sourcecode.swift; path = PacketHeader.swift; sourceTree = "<group>"; };
		49415EB92189F55500C854F7 /* Connection.swift */ = {isa = PBXFileReference; lastKnownFileType = sourcecode.swift; path = Connection.swift; sourceTree = "<group>"; };
		49415EBB2189F56700C854F7 /* BatteryInfo.swift */ = {isa = PBXFileReference; lastKnownFileType = sourcecode.swift; path = BatteryInfo.swift; sourceTree = "<group>"; };
		49415EC0218A1C1F00C854F7 /* BatteryMenuItem.xib */ = {isa = PBXFileReference; lastKnownFileType = file.xib; path = BatteryMenuItem.xib; sourceTree = "<group>"; };
		49415EC2218A1C7A00C854F7 /* BatteryMenuItemController.swift */ = {isa = PBXFileReference; lastKnownFileType = sourcecode.swift; path = BatteryMenuItemController.swift; sourceTree = "<group>"; };
		49415EC6218B965E00C854F7 /* NSImage+tinting.swift */ = {isa = PBXFileReference; lastKnownFileType = sourcecode.swift; path = "NSImage+tinting.swift"; sourceTree = "<group>"; };
		494BACB422F0C85000F63741 /* AkkuTests.xctest */ = {isa = PBXFileReference; explicitFileType = wrapper.cfbundle; includeInIndex = 0; path = AkkuTests.xctest; sourceTree = BUILT_PRODUCTS_DIR; };
		494BACB622F0C85000F63741 /* ParserTests.swift */ = {isa = PBXFileReference; lastKnownFileType = sourcecode.swift; path = ParserTests.swift; sourceTree = "<group>"; };
		494BACB822F0C85000F63741 /* Info.plist */ = {isa = PBXFileReference; lastKnownFileType = text.plist.xml; path = Info.plist; sourceTree = "<group>"; };
		494C8F3822F0F43E00ACF41D /* main.swift */ = {isa = PBXFileReference; lastKnownFileType = sourcecode.swift; path = main.swift; sourceTree = "<group>"; };
		4955173D22F0B02D00C775EE /* LogReader.swift */ = {isa = PBXFileReference; lastKnownFileType = sourcecode.swift; path = LogReader.swift; sourceTree = "<group>"; };
		4955173F22F0B08900C775EE /* PacketParser.swift */ = {isa = PBXFileReference; lastKnownFileType = sourcecode.swift; path = PacketParser.swift; sourceTree = "<group>"; };
		495D69CE218124CC004621C9 /* SMJobBlessUtil.py */ = {isa = PBXFileReference; fileEncoding = 4; lastKnownFileType = text.script.python; path = SMJobBlessUtil.py; sourceTree = "<group>"; };
		496B296F22F3875700ED191B /* MOMENTUM 2 AEBT.pklg */ = {isa = PBXFileReference; lastKnownFileType = file; path = "MOMENTUM 2 AEBT.pklg"; sourceTree = "<group>"; };
		496B297122F3894200ED191B /* BOSE QUIETCOMFORT.pklg */ = {isa = PBXFileReference; lastKnownFileType = file; path = "BOSE QUIETCOMFORT.pklg"; sourceTree = "<group>"; };
		496B297B22F4851800ED191B /* VEHO ZB-6.pklg */ = {isa = PBXFileReference; lastKnownFileType = file; path = "VEHO ZB-6.pklg"; sourceTree = "<group>"; };
		496B297E22F4856500ED191B /* Sennheiser HD 4.50 BTNC.pklg */ = {isa = PBXFileReference; lastKnownFileType = file; path = "Sennheiser HD 4.50 BTNC.pklg"; sourceTree = "<group>"; };
		4996492D21A5ED2E0088D8FE /* ConnectionRequest.swift */ = {isa = PBXFileReference; lastKnownFileType = sourcecode.swift; path = ConnectionRequest.swift; sourceTree = "<group>"; };
		49A57C392182359100119136 /* RFCOMMChannel.swift */ = {isa = PBXFileReference; fileEncoding = 4; lastKnownFileType = sourcecode.swift; path = RFCOMMChannel.swift; sourceTree = "<group>"; };
		49A57C3B2182359100119136 /* RFCOMMPacket.swift */ = {isa = PBXFileReference; fileEncoding = 4; lastKnownFileType = sourcecode.swift; path = RFCOMMPacket.swift; sourceTree = "<group>"; };
		49A57C3C2182359100119136 /* L2CapPacket.swift */ = {isa = PBXFileReference; fileEncoding = 4; lastKnownFileType = sourcecode.swift; path = L2CapPacket.swift; sourceTree = "<group>"; };
		49A57C3D2182359100119136 /* EventPacket.swift */ = {isa = PBXFileReference; fileEncoding = 4; lastKnownFileType = sourcecode.swift; path = EventPacket.swift; sourceTree = "<group>"; };
		49A57C3F2182359100119136 /* BluetoothHCIError.swift */ = {isa = PBXFileReference; fileEncoding = 4; lastKnownFileType = sourcecode.swift; path = BluetoothHCIError.swift; sourceTree = "<group>"; };
		49A57C402182359100119136 /* PacketType.swift */ = {isa = PBXFileReference; fileEncoding = 4; lastKnownFileType = sourcecode.swift; path = PacketType.swift; sourceTree = "<group>"; };
		49A57C412182359100119136 /* Driver.swift */ = {isa = PBXFileReference; fileEncoding = 4; lastKnownFileType = sourcecode.swift; path = Driver.swift; sourceTree = "<group>"; };
		49A57C4A2182494100119136 /* HelperAuthorizationRight.swift */ = {isa = PBXFileReference; fileEncoding = 4; lastKnownFileType = sourcecode.swift; path = HelperAuthorizationRight.swift; sourceTree = "<group>"; };
		49A57C4B2182494100119136 /* HelperAuthorization.swift */ = {isa = PBXFileReference; fileEncoding = 4; lastKnownFileType = sourcecode.swift; path = HelperAuthorization.swift; sourceTree = "<group>"; };
		49A57C5021824AA400119136 /* HelperInstaller.swift */ = {isa = PBXFileReference; lastKnownFileType = sourcecode.swift; path = HelperInstaller.swift; sourceTree = "<group>"; };
		49A57C5221824B1A00119136 /* StatusMenuController.swift */ = {isa = PBXFileReference; lastKnownFileType = sourcecode.swift; path = StatusMenuController.swift; sourceTree = "<group>"; };
		49A57C54218250CA00119136 /* HelperInstaller.xib */ = {isa = PBXFileReference; lastKnownFileType = file.xib; path = HelperInstaller.xib; sourceTree = "<group>"; };
		49A83C7521866F1D005BFBFD /* CVarArg+hex.swift */ = {isa = PBXFileReference; lastKnownFileType = sourcecode.swift; path = "CVarArg+hex.swift"; sourceTree = "<group>"; };
		49A83C7821867150005BFBFD /* kern_return_t+string.swift */ = {isa = PBXFileReference; lastKnownFileType = sourcecode.swift; path = "kern_return_t+string.swift"; sourceTree = "<group>"; };
		49A83C7B2189B3D3005BFBFD /* L2CapCommand.swift */ = {isa = PBXFileReference; lastKnownFileType = sourcecode.swift; path = L2CapCommand.swift; sourceTree = "<group>"; };
		49A83C812189E1BB005BFBFD /* CommandParser.swift */ = {isa = PBXFileReference; lastKnownFileType = sourcecode.swift; path = CommandParser.swift; sourceTree = "<group>"; };
		49C458B121ABFB7C00AB9FB9 /* Extensions.swift */ = {isa = PBXFileReference; lastKnownFileType = sourcecode.swift; path = Extensions.swift; sourceTree = "<group>"; };
		49FD57E821BE9DAA00B2A5CE /* Podfile */ = {isa = PBXFileReference; fileEncoding = 4; lastKnownFileType = text; path = Podfile; sourceTree = "<group>"; xcLanguageSpecificationIdentifier = xcode.lang.ruby; };
		53604C03215E12F300071149 /* Akku.app */ = {isa = PBXFileReference; explicitFileType = wrapper.application; includeInIndex = 0; path = Akku.app; sourceTree = BUILT_PRODUCTS_DIR; };
		53604C06215E12F300071149 /* AppDelegate.swift */ = {isa = PBXFileReference; lastKnownFileType = sourcecode.swift; path = AppDelegate.swift; sourceTree = "<group>"; };
		53604C08215E12F400071149 /* Assets.xcassets */ = {isa = PBXFileReference; lastKnownFileType = folder.assetcatalog; path = Assets.xcassets; sourceTree = "<group>"; };
		53604C0B215E12F400071149 /* Base */ = {isa = PBXFileReference; lastKnownFileType = file.xib; name = Base; path = Base.lproj/MainMenu.xib; sourceTree = "<group>"; };
		53604C0D215E12F400071149 /* Info.plist */ = {isa = PBXFileReference; lastKnownFileType = text.plist.xml; path = Info.plist; sourceTree = "<group>"; };
		53604C18215E131D00071149 /* io.jari.AkkuHelper */ = {isa = PBXFileReference; explicitFileType = "compiled.mach-o.executable"; includeInIndex = 0; path = io.jari.AkkuHelper; sourceTree = BUILT_PRODUCTS_DIR; };
		53604C1A215E131E00071149 /* main.swift */ = {isa = PBXFileReference; lastKnownFileType = sourcecode.swift; path = main.swift; sourceTree = "<group>"; };
		53604C1F215E134500071149 /* Helper.swift */ = {isa = PBXFileReference; lastKnownFileType = sourcecode.swift; path = Helper.swift; sourceTree = "<group>"; };
		53604C21215E13E200071149 /* HelperConstants.swift */ = {isa = PBXFileReference; lastKnownFileType = sourcecode.swift; path = HelperConstants.swift; sourceTree = "<group>"; };
		53604C23215E14C900071149 /* Helper-Info.plist */ = {isa = PBXFileReference; lastKnownFileType = text.plist.xml; path = "Helper-Info.plist"; sourceTree = "<group>"; };
		53604C24215E150C00071149 /* Helper-Launchd.plist */ = {isa = PBXFileReference; lastKnownFileType = text.plist.xml; path = "Helper-Launchd.plist"; sourceTree = "<group>"; };
		53604C25215E185D00071149 /* HelperProtocol.swift */ = {isa = PBXFileReference; lastKnownFileType = sourcecode.swift; path = HelperProtocol.swift; sourceTree = "<group>"; };
		53604C29215E1B0100071149 /* AppProtocol.swift */ = {isa = PBXFileReference; lastKnownFileType = sourcecode.swift; path = AppProtocol.swift; sourceTree = "<group>"; };
		53C6B95921676219001A80FD /* CodesignCheck.swift */ = {isa = PBXFileReference; fileEncoding = 4; lastKnownFileType = sourcecode.swift; path = CodesignCheck.swift; sourceTree = "<group>"; };
		7FCCD277D050807BA418957B /* Pods-io.jari.AkkuHelper.release.xcconfig */ = {isa = PBXFileReference; includeInIndex = 1; lastKnownFileType = text.xcconfig; name = "Pods-io.jari.AkkuHelper.release.xcconfig"; path = "Pods/Target Support Files/Pods-io.jari.AkkuHelper/Pods-io.jari.AkkuHelper.release.xcconfig"; sourceTree = "<group>"; };
		C0273CCC27ADA7521975ADEB /* Pods-io.jari.AkkuHelper.debug.xcconfig */ = {isa = PBXFileReference; includeInIndex = 1; lastKnownFileType = text.xcconfig; name = "Pods-io.jari.AkkuHelper.debug.xcconfig"; path = "Pods/Target Support Files/Pods-io.jari.AkkuHelper/Pods-io.jari.AkkuHelper.debug.xcconfig"; sourceTree = "<group>"; };
		CF2A35E64B993C686985FB7B /* libPods-AkkuTests.a */ = {isa = PBXFileReference; explicitFileType = archive.ar; includeInIndex = 0; path = "libPods-AkkuTests.a"; sourceTree = BUILT_PRODUCTS_DIR; };
		D2EA0F975472244F007C863D /* Pods-AkkuTests.release.xcconfig */ = {isa = PBXFileReference; includeInIndex = 1; lastKnownFileType = text.xcconfig; name = "Pods-AkkuTests.release.xcconfig"; path = "Pods/Target Support Files/Pods-AkkuTests/Pods-AkkuTests.release.xcconfig"; sourceTree = "<group>"; };
		E0980257779498561A4E021C /* Pods-AkkuTests.debug.xcconfig */ = {isa = PBXFileReference; includeInIndex = 1; lastKnownFileType = text.xcconfig; name = "Pods-AkkuTests.debug.xcconfig"; path = "Pods/Target Support Files/Pods-AkkuTests/Pods-AkkuTests.debug.xcconfig"; sourceTree = "<group>"; };
		E8264CE5DD8E68D4479388EC /* Pods-Akku.debug.xcconfig */ = {isa = PBXFileReference; includeInIndex = 1; lastKnownFileType = text.xcconfig; name = "Pods-Akku.debug.xcconfig"; path = "Pods/Target Support Files/Pods-Akku/Pods-Akku.debug.xcconfig"; sourceTree = "<group>"; };
		F97EDD0801ADD1255902D6C0 /* Pods_Akku.framework */ = {isa = PBXFileReference; explicitFileType = wrapper.framework; includeInIndex = 0; path = Pods_Akku.framework; sourceTree = BUILT_PRODUCTS_DIR; };
/* End PBXFileReference section */

/* Begin PBXFrameworksBuildPhase section */
		494BACB122F0C85000F63741 /* Frameworks */ = {
			isa = PBXFrameworksBuildPhase;
			buildActionMask = 2147483647;
			files = (
				097AC666E92ED1453E5E15BC /* libPods-AkkuTests.a in Frameworks */,
			);
			runOnlyForDeploymentPostprocessing = 0;
		};
		53604C00215E12F300071149 /* Frameworks */ = {
			isa = PBXFrameworksBuildPhase;
			buildActionMask = 2147483647;
			files = (
				A67226C22997AFAB255AD179 /* Pods_Akku.framework in Frameworks */,
			);
			runOnlyForDeploymentPostprocessing = 0;
		};
		53604C15215E131D00071149 /* Frameworks */ = {
			isa = PBXFrameworksBuildPhase;
			buildActionMask = 2147483647;
			files = (
				AC2A73A073EAF4D60B90A5A4 /* Pods_io_jari_AkkuHelper.framework in Frameworks */,
			);
			runOnlyForDeploymentPostprocessing = 0;
		};
/* End PBXFrameworksBuildPhase section */

/* Begin PBXGroup section */
		082F41C6D4B79026C21461DB /* Pods */ = {
			isa = PBXGroup;
			children = (
				E8264CE5DD8E68D4479388EC /* Pods-Akku.debug.xcconfig */,
				45E1786BB16FAE0C4FF70254 /* Pods-Akku.release.xcconfig */,
				C0273CCC27ADA7521975ADEB /* Pods-io.jari.AkkuHelper.debug.xcconfig */,
				7FCCD277D050807BA418957B /* Pods-io.jari.AkkuHelper.release.xcconfig */,
				E0980257779498561A4E021C /* Pods-AkkuTests.debug.xcconfig */,
				D2EA0F975472244F007C863D /* Pods-AkkuTests.release.xcconfig */,
			);
			name = Pods;
			sourceTree = "<group>";
		};
		3104D131B031FC0FADA58396 /* Frameworks */ = {
			isa = PBXGroup;
			children = (
				F97EDD0801ADD1255902D6C0 /* Pods_Akku.framework */,
				3B116B1BDC658F4CBA4B3348 /* Pods_io_jari_AkkuHelper.framework */,
				CF2A35E64B993C686985FB7B /* libPods-AkkuTests.a */,
			);
			name = Frameworks;
			sourceTree = "<group>";
		};
		494BACB522F0C85000F63741 /* AkkuTests */ = {
			isa = PBXGroup;
			children = (
				496B296E22F3871B00ED191B /* TestData */,
				4955173D22F0B02D00C775EE /* LogReader.swift */,
				494BACB622F0C85000F63741 /* ParserTests.swift */,
				494BACB822F0C85000F63741 /* Info.plist */,
				494C8F3822F0F43E00ACF41D /* main.swift */,
			);
			path = AkkuTests;
			sourceTree = "<group>";
		};
		496B296E22F3871B00ED191B /* TestData */ = {
			isa = PBXGroup;
			children = (
				496B297E22F4856500ED191B /* Sennheiser HD 4.50 BTNC.pklg */,
				496B297B22F4851800ED191B /* VEHO ZB-6.pklg */,
				496B297122F3894200ED191B /* BOSE QUIETCOMFORT.pklg */,
				496B296F22F3875700ED191B /* MOMENTUM 2 AEBT.pklg */,
			);
			path = TestData;
			sourceTree = "<group>";
		};
		49A57C352182353A00119136 /* Helper */ = {
			isa = PBXGroup;
			children = (
				49A57C4B2182494100119136 /* HelperAuthorization.swift */,
				49A57C4A2182494100119136 /* HelperAuthorizationRight.swift */,
				53604C1F215E134500071149 /* Helper.swift */,
				53604C21215E13E200071149 /* HelperConstants.swift */,
				53604C25215E185D00071149 /* HelperProtocol.swift */,
			);
			path = Helper;
			sourceTree = "<group>";
		};
		49A57C382182359100119136 /* Entities */ = {
			isa = PBXGroup;
			children = (
				49415EB92189F55500C854F7 /* Connection.swift */,
				49415EBB2189F56700C854F7 /* BatteryInfo.swift */,
				49A57C392182359100119136 /* RFCOMMChannel.swift */,
				4996492D21A5ED2E0088D8FE /* ConnectionRequest.swift */,
				49382A8722FCB0E7005A7722 /* PacketHeader.swift */,
			);
			path = Entities;
			sourceTree = "<group>";
		};
		49A57C3A2182359100119136 /* Packets */ = {
			isa = PBXGroup;
			children = (
				49A57C3B2182359100119136 /* RFCOMMPacket.swift */,
				49A57C3C2182359100119136 /* L2CapPacket.swift */,
				49A57C3D2182359100119136 /* EventPacket.swift */,
				49A83C7B2189B3D3005BFBFD /* L2CapCommand.swift */,
			);
			path = Packets;
			sourceTree = "<group>";
		};
		49A57C3E2182359100119136 /* Enums */ = {
			isa = PBXGroup;
			children = (
				49A57C3F2182359100119136 /* BluetoothHCIError.swift */,
				49A57C402182359100119136 /* PacketType.swift */,
			);
			path = Enums;
			sourceTree = "<group>";
		};
		49A83C7421866F06005BFBFD /* Extensions */ = {
			isa = PBXGroup;
			children = (
				49A83C7521866F1D005BFBFD /* CVarArg+hex.swift */,
				49A83C7821867150005BFBFD /* kern_return_t+string.swift */,
				49415EC6218B965E00C854F7 /* NSImage+tinting.swift */,
			);
			path = Extensions;
			sourceTree = "<group>";
		};
		49A83C802189E179005BFBFD /* Bluetooth */ = {
			isa = PBXGroup;
			children = (
				49A57C412182359100119136 /* Driver.swift */,
				49A83C812189E1BB005BFBFD /* CommandParser.swift */,
				4955173F22F0B08900C775EE /* PacketParser.swift */,
			);
			path = Bluetooth;
			sourceTree = "<group>";
		};
		532308F12163908D00A456CF /* Scripts */ = {
			isa = PBXGroup;
			children = (
				495D69CE218124CC004621C9 /* SMJobBlessUtil.py */,
			);
			path = Scripts;
			sourceTree = "<group>";
		};
		53604BFA215E12F300071149 = {
			isa = PBXGroup;
			children = (
				49FD57E821BE9DAA00B2A5CE /* Podfile */,
				53604C05215E12F300071149 /* Akku */,
				53604C19215E131E00071149 /* AkkuHelper */,
				53C6B95C21676229001A80FD /* Utility */,
				532308F12163908D00A456CF /* Scripts */,
				494BACB522F0C85000F63741 /* AkkuTests */,
				53604C04215E12F300071149 /* Products */,
				082F41C6D4B79026C21461DB /* Pods */,
				3104D131B031FC0FADA58396 /* Frameworks */,
			);
			sourceTree = "<group>";
		};
		53604C04215E12F300071149 /* Products */ = {
			isa = PBXGroup;
			children = (
				53604C03215E12F300071149 /* Akku.app */,
				53604C18215E131D00071149 /* io.jari.AkkuHelper */,
				494BACB422F0C85000F63741 /* AkkuTests.xctest */,
			);
			name = Products;
			sourceTree = "<group>";
		};
		53604C05215E12F300071149 /* Akku */ = {
			isa = PBXGroup;
			children = (
				53604C06215E12F300071149 /* AppDelegate.swift */,
				53604C29215E1B0100071149 /* AppProtocol.swift */,
				53604C08215E12F400071149 /* Assets.xcassets */,
				53604C0A215E12F400071149 /* MainMenu.xib */,
				53604C0D215E12F400071149 /* Info.plist */,
				49A57C5021824AA400119136 /* HelperInstaller.swift */,
				49A57C54218250CA00119136 /* HelperInstaller.xib */,
				49A57C5221824B1A00119136 /* StatusMenuController.swift */,
				49415EC0218A1C1F00C854F7 /* BatteryMenuItem.xib */,
				49415EC2218A1C7A00C854F7 /* BatteryMenuItemController.swift */,
				49C458B121ABFB7C00AB9FB9 /* Extensions.swift */,
			);
			path = Akku;
			sourceTree = "<group>";
		};
		53604C19215E131E00071149 /* AkkuHelper */ = {
			isa = PBXGroup;
			children = (
				49A83C802189E179005BFBFD /* Bluetooth */,
				49A83C7421866F06005BFBFD /* Extensions */,
				49A57C382182359100119136 /* Entities */,
				49A57C3E2182359100119136 /* Enums */,
				49A57C3A2182359100119136 /* Packets */,
				49A57C352182353A00119136 /* Helper */,
				53604C1A215E131E00071149 /* main.swift */,
				53604C23215E14C900071149 /* Helper-Info.plist */,
				53604C24215E150C00071149 /* Helper-Launchd.plist */,
			);
			path = AkkuHelper;
			sourceTree = "<group>";
		};
		53C6B95C21676229001A80FD /* Utility */ = {
			isa = PBXGroup;
			children = (
				53C6B95921676219001A80FD /* CodesignCheck.swift */,
			);
			path = Utility;
			sourceTree = "<group>";
		};
/* End PBXGroup section */

/* Begin PBXNativeTarget section */
		494BACB322F0C85000F63741 /* AkkuTests */ = {
			isa = PBXNativeTarget;
			buildConfigurationList = 494BACBB22F0C85000F63741 /* Build configuration list for PBXNativeTarget "AkkuTests" */;
			buildPhases = (
				8985078171EE478AF52CC516 /* [CP] Check Pods Manifest.lock */,
				494BACB022F0C85000F63741 /* Sources */,
				494BACB122F0C85000F63741 /* Frameworks */,
				494BACB222F0C85000F63741 /* Resources */,
				496B297322F38B2100ED191B /* Copy test data */,
			);
			buildRules = (
			);
			dependencies = (
				494BACBA22F0C85000F63741 /* PBXTargetDependency */,
			);
			name = AkkuTests;
			productName = AkkuTests;
			productReference = 494BACB422F0C85000F63741 /* AkkuTests.xctest */;
			productType = "com.apple.product-type.bundle.unit-test";
		};
		53604C02215E12F300071149 /* Akku */ = {
			isa = PBXNativeTarget;
			buildConfigurationList = 53604C11215E12F400071149 /* Build configuration list for PBXNativeTarget "Akku" */;
			buildPhases = (
				D8BE457BCA28D7B5DC25B7EB /* [CP] Check Pods Manifest.lock */,
				D52F93A00C48FAF4FF301A0E /* [Amimono] Create filelist per architecture */,
				5361D2122162410E0036E296 /* Run Script */,
				53604BFF215E12F300071149 /* Sources */,
				53604C00215E12F300071149 /* Frameworks */,
				53604C01215E12F300071149 /* Resources */,
				53604C2D215E1CE600071149 /* Copy Helper */,
				2B0D274D8FE0F34DA790365A /* [CP] Embed Pods Frameworks */,
			);
			buildRules = (
			);
			dependencies = (
				53EE395C215E22CE007310F5 /* PBXTargetDependency */,
			);
			name = Akku;
			productName = SwiftPrivilegedHelperApplication;
			productReference = 53604C03215E12F300071149 /* Akku.app */;
			productType = "com.apple.product-type.application";
		};
		53604C17215E131D00071149 /* io.jari.AkkuHelper */ = {
			isa = PBXNativeTarget;
			buildConfigurationList = 53604C1C215E131E00071149 /* Build configuration list for PBXNativeTarget "io.jari.AkkuHelper" */;
			buildPhases = (
				75F28CD0E8C84EBB54557010 /* [CP] Check Pods Manifest.lock */,
				0D3DA44508C6C07D504BCCB9 /* [Amimono] Create filelist per architecture */,
				53604C14215E131D00071149 /* Sources */,
				53604C15215E131D00071149 /* Frameworks */,
				53604C16215E131D00071149 /* CopyFiles */,
			);
			buildRules = (
			);
			dependencies = (
			);
			name = io.jari.AkkuHelper;
			productName = SwiftPrivilegedHelper;
			productReference = 53604C18215E131D00071149 /* io.jari.AkkuHelper */;
			productType = "com.apple.product-type.tool";
		};
/* End PBXNativeTarget section */

/* Begin PBXProject section */
		53604BFB215E12F300071149 /* Project object */ = {
			isa = PBXProject;
			attributes = {
				LastSwiftUpdateCheck = 1010;
				LastUpgradeCheck = 1010;
				ORGANIZATIONNAME = JARI.IO;
				TargetAttributes = {
					494BACB322F0C85000F63741 = {
						CreatedOnToolsVersion = 10.1;
						TestTargetID = 53604C02215E12F300071149;
					};
					53604C02215E12F300071149 = {
						CreatedOnToolsVersion = 10.0;
						SystemCapabilities = {
							com.apple.Sandbox = {
								enabled = 0;
							};
						};
					};
					53604C17215E131D00071149 = {
						CreatedOnToolsVersion = 10.0;
					};
				};
			};
			buildConfigurationList = 53604BFE215E12F300071149 /* Build configuration list for PBXProject "Akku" */;
			compatibilityVersion = "Xcode 9.3";
			developmentRegion = en;
			hasScannedForEncodings = 0;
			knownRegions = (
				en,
				Base,
			);
			mainGroup = 53604BFA215E12F300071149;
			productRefGroup = 53604C04215E12F300071149 /* Products */;
			projectDirPath = "";
			projectRoot = "";
			targets = (
				53604C02215E12F300071149 /* Akku */,
				53604C17215E131D00071149 /* io.jari.AkkuHelper */,
				494BACB322F0C85000F63741 /* AkkuTests */,
			);
		};
/* End PBXProject section */

/* Begin PBXResourcesBuildPhase section */
		494BACB222F0C85000F63741 /* Resources */ = {
			isa = PBXResourcesBuildPhase;
			buildActionMask = 2147483647;
			files = (
				496B297F22F4856500ED191B /* Sennheiser HD 4.50 BTNC.pklg in Resources */,
				496B297222F3894200ED191B /* BOSE QUIETCOMFORT.pklg in Resources */,
				496B297022F3875700ED191B /* MOMENTUM 2 AEBT.pklg in Resources */,
				496B297C22F4851800ED191B /* VEHO ZB-6.pklg in Resources */,
			);
			runOnlyForDeploymentPostprocessing = 0;
		};
		53604C01215E12F300071149 /* Resources */ = {
			isa = PBXResourcesBuildPhase;
			buildActionMask = 2147483647;
			files = (
				49FD57E921BE9DAA00B2A5CE /* Podfile in Resources */,
				49415EC1218A1C1F00C854F7 /* BatteryMenuItem.xib in Resources */,
				53604C09215E12F400071149 /* Assets.xcassets in Resources */,
				49A57C55218250CA00119136 /* HelperInstaller.xib in Resources */,
				53604C0C215E12F400071149 /* MainMenu.xib in Resources */,
			);
			runOnlyForDeploymentPostprocessing = 0;
		};
/* End PBXResourcesBuildPhase section */

/* Begin PBXShellScriptBuildPhase section */
		0D3DA44508C6C07D504BCCB9 /* [Amimono] Create filelist per architecture */ = {
			isa = PBXShellScriptBuildPhase;
			buildActionMask = 2147483647;
			files = (
			);
			inputPaths = (
			);
			name = "[Amimono] Create filelist per architecture";
			outputPaths = (
			);
			runOnlyForDeploymentPostprocessing = 0;
			shellPath = /bin/bash;
			shellScript = "declare -a DEPENDENCIES=('Sentry' 'SwiftyBeaver-framework');\nIFS=\" \" read -r -a SPLIT <<< \"$ARCHS\"\nfor ARCH in \"${SPLIT[@]}\"; do\n  cd \"$OBJROOT/Pods.build\"\n  filelist=\"\"\n  for dependency in \"${DEPENDENCIES[@]}\"; do\n    path=\"${CONFIGURATION}${EFFECTIVE_PLATFORM_NAME}/${dependency}.build/Objects-normal/${ARCH}\"\n    if [ -d \"$path\" ]; then\n      search_path=\"$path/*.o\"\n      for obj_file in $search_path; do\n        filelist+=\"${OBJROOT}/Pods.build/${obj_file}\"\n        filelist+=$'\\n'\n      done\n    fi\n  done\n  filelist=${filelist%$'\\n'}\n  echo \"$filelist\" > \"${CONFIGURATION}${EFFECTIVE_PLATFORM_NAME}-${TARGET_NAME}-${ARCH}.objects.filelist\"\ndone\n";
		};
		2B0D274D8FE0F34DA790365A /* [CP] Embed Pods Frameworks */ = {
			isa = PBXShellScriptBuildPhase;
			buildActionMask = 2147483647;
			files = (
			);
			inputFileListPaths = (
				"${PODS_ROOT}/Target Support Files/Pods-Akku/Pods-Akku-frameworks-${CONFIGURATION}-input-files.xcfilelist",
			);
			name = "[CP] Embed Pods Frameworks";
			outputFileListPaths = (
				"${PODS_ROOT}/Target Support Files/Pods-Akku/Pods-Akku-frameworks-${CONFIGURATION}-output-files.xcfilelist",
			);
			runOnlyForDeploymentPostprocessing = 0;
			shellPath = /bin/sh;
			shellScript = "\"${PODS_ROOT}/Target Support Files/Pods-Akku/Pods-Akku-frameworks.sh\"\n";
			showEnvVarsInLog = 0;
		};
		5361D2122162410E0036E296 /* Run Script */ = {
			isa = PBXShellScriptBuildPhase;
			buildActionMask = 2147483647;
			files = (
			);
			inputPaths = (
			);
			name = "Run Script";
			outputPaths = (
			);
			runOnlyForDeploymentPostprocessing = 0;
			shellPath = /bin/sh;
			shellScript = "#\"${SRCROOT}\"/Scripts/CodeSignUpdate.sh\n";
		};
		75F28CD0E8C84EBB54557010 /* [CP] Check Pods Manifest.lock */ = {
			isa = PBXShellScriptBuildPhase;
			buildActionMask = 2147483647;
			files = (
			);
			inputPaths = (
				"${PODS_PODFILE_DIR_PATH}/Podfile.lock",
				"${PODS_ROOT}/Manifest.lock",
			);
			name = "[CP] Check Pods Manifest.lock";
			outputPaths = (
				"$(DERIVED_FILE_DIR)/Pods-io.jari.AkkuHelper-checkManifestLockResult.txt",
			);
			runOnlyForDeploymentPostprocessing = 0;
			shellPath = /bin/sh;
			shellScript = "diff \"${PODS_PODFILE_DIR_PATH}/Podfile.lock\" \"${PODS_ROOT}/Manifest.lock\" > /dev/null\nif [ $? != 0 ] ; then\n    # print error to STDERR\n    echo \"error: The sandbox is not in sync with the Podfile.lock. Run 'pod install' or update your CocoaPods installation.\" >&2\n    exit 1\nfi\n# This output is used by Xcode 'outputs' to avoid re-running this script phase.\necho \"SUCCESS\" > \"${SCRIPT_OUTPUT_FILE_0}\"\n";
			showEnvVarsInLog = 0;
		};
		8985078171EE478AF52CC516 /* [CP] Check Pods Manifest.lock */ = {
			isa = PBXShellScriptBuildPhase;
			buildActionMask = 2147483647;
			files = (
			);
			inputFileListPaths = (
			);
			inputPaths = (
				"${PODS_PODFILE_DIR_PATH}/Podfile.lock",
				"${PODS_ROOT}/Manifest.lock",
			);
			name = "[CP] Check Pods Manifest.lock";
			outputFileListPaths = (
			);
			outputPaths = (
				"$(DERIVED_FILE_DIR)/Pods-AkkuTests-checkManifestLockResult.txt",
			);
			runOnlyForDeploymentPostprocessing = 0;
			shellPath = /bin/sh;
			shellScript = "diff \"${PODS_PODFILE_DIR_PATH}/Podfile.lock\" \"${PODS_ROOT}/Manifest.lock\" > /dev/null\nif [ $? != 0 ] ; then\n    # print error to STDERR\n    echo \"error: The sandbox is not in sync with the Podfile.lock. Run 'pod install' or update your CocoaPods installation.\" >&2\n    exit 1\nfi\n# This output is used by Xcode 'outputs' to avoid re-running this script phase.\necho \"SUCCESS\" > \"${SCRIPT_OUTPUT_FILE_0}\"\n";
			showEnvVarsInLog = 0;
		};
		D52F93A00C48FAF4FF301A0E /* [Amimono] Create filelist per architecture */ = {
			isa = PBXShellScriptBuildPhase;
			buildActionMask = 2147483647;
			files = (
			);
			inputPaths = (
			);
			name = "[Amimono] Create filelist per architecture";
			outputPaths = (
			);
			runOnlyForDeploymentPostprocessing = 0;
			shellPath = /bin/bash;
			shellScript = "declare -a DEPENDENCIES=('EMCLoginItem' 'Sentry' 'SwiftyBeaver');\nIFS=\" \" read -r -a SPLIT <<< \"$ARCHS\"\nfor ARCH in \"${SPLIT[@]}\"; do\n  cd \"$OBJROOT/Pods.build\"\n  filelist=\"\"\n  for dependency in \"${DEPENDENCIES[@]}\"; do\n    path=\"${CONFIGURATION}${EFFECTIVE_PLATFORM_NAME}/${dependency}.build/Objects-normal/${ARCH}\"\n    if [ -d \"$path\" ]; then\n      search_path=\"$path/*.o\"\n      for obj_file in $search_path; do\n        filelist+=\"${OBJROOT}/Pods.build/${obj_file}\"\n        filelist+=$'\\n'\n      done\n    fi\n  done\n  filelist=${filelist%$'\\n'}\n  echo \"$filelist\" > \"${CONFIGURATION}${EFFECTIVE_PLATFORM_NAME}-${TARGET_NAME}-${ARCH}.objects.filelist\"\ndone\n";
		};
		D8BE457BCA28D7B5DC25B7EB /* [CP] Check Pods Manifest.lock */ = {
			isa = PBXShellScriptBuildPhase;
			buildActionMask = 2147483647;
			files = (
			);
			inputPaths = (
				"${PODS_PODFILE_DIR_PATH}/Podfile.lock",
				"${PODS_ROOT}/Manifest.lock",
			);
			name = "[CP] Check Pods Manifest.lock";
			outputPaths = (
				"$(DERIVED_FILE_DIR)/Pods-Akku-checkManifestLockResult.txt",
			);
			runOnlyForDeploymentPostprocessing = 0;
			shellPath = /bin/sh;
			shellScript = "diff \"${PODS_PODFILE_DIR_PATH}/Podfile.lock\" \"${PODS_ROOT}/Manifest.lock\" > /dev/null\nif [ $? != 0 ] ; then\n    # print error to STDERR\n    echo \"error: The sandbox is not in sync with the Podfile.lock. Run 'pod install' or update your CocoaPods installation.\" >&2\n    exit 1\nfi\n# This output is used by Xcode 'outputs' to avoid re-running this script phase.\necho \"SUCCESS\" > \"${SCRIPT_OUTPUT_FILE_0}\"\n";
			showEnvVarsInLog = 0;
		};
/* End PBXShellScriptBuildPhase section */

/* Begin PBXSourcesBuildPhase section */
		494BACB022F0C85000F63741 /* Sources */ = {
			isa = PBXSourcesBuildPhase;
			buildActionMask = 2147483647;
			files = (
				494C8F1F22F0EC0A00ACF41D /* RFCOMMPacket.swift in Sources */,
				494C8F2322F0EC0E00ACF41D /* BluetoothHCIError.swift in Sources */,
				494C8F2122F0EC0A00ACF41D /* EventPacket.swift in Sources */,
				494BACB722F0C85000F63741 /* ParserTests.swift in Sources */,
				494C8F1922F0D70C00ACF41D /* LogReader.swift in Sources */,
				494C8F1B22F0EC0600ACF41D /* Connection.swift in Sources */,
				494C8F1C22F0EC0600ACF41D /* BatteryInfo.swift in Sources */,
				494C8F1E22F0EC0600ACF41D /* ConnectionRequest.swift in Sources */,
				494C8F3922F0F43E00ACF41D /* main.swift in Sources */,
				494C8F2222F0EC0A00ACF41D /* L2CapCommand.swift in Sources */,
				494C8F3B22F0F4A700ACF41D /* CommandParser.swift in Sources */,
				494C8F1D22F0EC0600ACF41D /* RFCOMMChannel.swift in Sources */,
				494C8F3A22F0F49400ACF41D /* CVarArg+hex.swift in Sources */,
				49382A8B22FCB6D4005A7722 /* PacketHeader.swift in Sources */,
				494C8F3422F0F18000ACF41D /* PacketParser.swift in Sources */,
				494C8F2422F0EC0E00ACF41D /* PacketType.swift in Sources */,
				494C8F2022F0EC0A00ACF41D /* L2CapPacket.swift in Sources */,
			);
			runOnlyForDeploymentPostprocessing = 0;
		};
		53604BFF215E12F300071149 /* Sources */ = {
			isa = PBXSourcesBuildPhase;
			buildActionMask = 2147483647;
			files = (
				494C8F3722F0F1F300ACF41D /* HelperAuthorizationRight.swift in Sources */,
				494C8F3522F0F1C800ACF41D /* HelperConstants.swift in Sources */,
				494C8F3622F0F1E000ACF41D /* HelperAuthorization.swift in Sources */,
				53604C07215E12F300071149 /* AppDelegate.swift in Sources */,
				49C458B221ABFB7C00AB9FB9 /* Extensions.swift in Sources */,
				494BACA422F0C6E400F63741 /* CVarArg+hex.swift in Sources */,
				53604C2A215E1B0100071149 /* AppProtocol.swift in Sources */,
				49415EC7218B965E00C854F7 /* NSImage+tinting.swift in Sources */,
				494C8F3122F0EE0E00ACF41D /* BatteryInfo.swift in Sources */,
				49415EC3218A1C7A00C854F7 /* BatteryMenuItemController.swift in Sources */,
				494C8F3222F0EE1B00ACF41D /* Connection.swift in Sources */,
				494BACA522F0C6E400F63741 /* kern_return_t+string.swift in Sources */,
				49A57C5321824B1A00119136 /* StatusMenuController.swift in Sources */,
				49A57C5121824AA400119136 /* HelperInstaller.swift in Sources */,
				494C8F3022F0EDE300ACF41D /* HelperProtocol.swift in Sources */,
			);
			runOnlyForDeploymentPostprocessing = 0;
		};
		53604C14215E131D00071149 /* Sources */ = {
			isa = PBXSourcesBuildPhase;
			buildActionMask = 2147483647;
			files = (
				494C8F2E22F0ECA600ACF41D /* HelperAuthorization.swift in Sources */,
				49A57C472182359100119136 /* BluetoothHCIError.swift in Sources */,
				49382A8A22FCB14A005A7722 /* PacketHeader.swift in Sources */,
				4955174122F0BD4D00C775EE /* PacketParser.swift in Sources */,
				53C6B95E216767F0001A80FD /* CodesignCheck.swift in Sources */,
				4996492F21A5F5EF0088D8FE /* ConnectionRequest.swift in Sources */,
				49A57C482182359100119136 /* PacketType.swift in Sources */,
				49A57C492182359100119136 /* Driver.swift in Sources */,
				53604C2C215E1C2700071149 /* AppProtocol.swift in Sources */,
				49415EB82189E68100C854F7 /* CommandParser.swift in Sources */,
				494C8F2C22F0EC9D00ACF41D /* Helper.swift in Sources */,
				49A57C452182359100119136 /* L2CapPacket.swift in Sources */,
				53604C1B215E131E00071149 /* main.swift in Sources */,
				494C8F2722F0EC5900ACF41D /* NSImage+tinting.swift in Sources */,
				494C8F2D22F0ECA300ACF41D /* HelperAuthorizationRight.swift in Sources */,
				49A57C462182359100119136 /* EventPacket.swift in Sources */,
				49A83C7D2189BECB005BFBFD /* L2CapCommand.swift in Sources */,
				49415EBE2189F57000C854F7 /* Connection.swift in Sources */,
				494C8F2F22F0ECA800ACF41D /* HelperProtocol.swift in Sources */,
				49A57C442182359100119136 /* RFCOMMPacket.swift in Sources */,
				49A57C432182359100119136 /* RFCOMMChannel.swift in Sources */,
				53604C22215E13E200071149 /* HelperConstants.swift in Sources */,
				49A83C7A21867235005BFBFD /* kern_return_t+string.swift in Sources */,
				49A83C7721866F7C005BFBFD /* CVarArg+hex.swift in Sources */,
				49415EBD2189F56D00C854F7 /* BatteryInfo.swift in Sources */,
			);
			runOnlyForDeploymentPostprocessing = 0;
		};
/* End PBXSourcesBuildPhase section */

/* Begin PBXTargetDependency section */
		494BACBA22F0C85000F63741 /* PBXTargetDependency */ = {
			isa = PBXTargetDependency;
			target = 53604C02215E12F300071149 /* Akku */;
			targetProxy = 494BACB922F0C85000F63741 /* PBXContainerItemProxy */;
		};
		53EE395C215E22CE007310F5 /* PBXTargetDependency */ = {
			isa = PBXTargetDependency;
			target = 53604C17215E131D00071149 /* io.jari.AkkuHelper */;
			targetProxy = 49A57C342181DA1C00119136 /* PBXContainerItemProxy */;
		};
/* End PBXTargetDependency section */

/* Begin PBXVariantGroup section */
		53604C0A215E12F400071149 /* MainMenu.xib */ = {
			isa = PBXVariantGroup;
			children = (
				53604C0B215E12F400071149 /* Base */,
			);
			name = MainMenu.xib;
			sourceTree = "<group>";
		};
/* End PBXVariantGroup section */

/* Begin XCBuildConfiguration section */
		494BACBC22F0C85000F63741 /* Debug */ = {
			isa = XCBuildConfiguration;
			baseConfigurationReference = E0980257779498561A4E021C /* Pods-AkkuTests.debug.xcconfig */;
			buildSettings = {
				BUNDLE_LOADER = "$(TEST_HOST)";
				CODE_SIGN_STYLE = Automatic;
				COMBINE_HIDPI_IMAGES = YES;
				DEVELOPMENT_TEAM = E72CQ4L7EE;
				INFOPLIST_FILE = AkkuTests/Info.plist;
				LD_RUNPATH_SEARCH_PATHS = (
					"$(inherited)",
					"@executable_path/../Frameworks",
					"@loader_path/../Frameworks",
				);
				MACOSX_DEPLOYMENT_TARGET = 10.14;
				PRODUCT_BUNDLE_IDENTIFIER = io.jari.AkkuTests;
				PRODUCT_NAME = "$(TARGET_NAME)";
				SWIFT_VERSION = 4.2;
				TEST_HOST = "$(BUILT_PRODUCTS_DIR)/Akku.app/Contents/MacOS/Akku";
			};
			name = Debug;
		};
		494BACBD22F0C85000F63741 /* Release */ = {
			isa = XCBuildConfiguration;
			baseConfigurationReference = D2EA0F975472244F007C863D /* Pods-AkkuTests.release.xcconfig */;
			buildSettings = {
				BUNDLE_LOADER = "$(TEST_HOST)";
				CODE_SIGN_STYLE = Automatic;
				COMBINE_HIDPI_IMAGES = YES;
				DEVELOPMENT_TEAM = E72CQ4L7EE;
				INFOPLIST_FILE = AkkuTests/Info.plist;
				LD_RUNPATH_SEARCH_PATHS = (
					"$(inherited)",
					"@executable_path/../Frameworks",
					"@loader_path/../Frameworks",
				);
				MACOSX_DEPLOYMENT_TARGET = 10.14;
				PRODUCT_BUNDLE_IDENTIFIER = io.jari.AkkuTests;
				PRODUCT_NAME = "$(TARGET_NAME)";
				SWIFT_VERSION = 4.2;
				TEST_HOST = "$(BUILT_PRODUCTS_DIR)/Akku.app/Contents/MacOS/Akku";
			};
			name = Release;
		};
		53604C0F215E12F400071149 /* Debug */ = {
			isa = XCBuildConfiguration;
			buildSettings = {
				ALWAYS_SEARCH_USER_PATHS = NO;
				CLANG_ANALYZER_NONNULL = YES;
				CLANG_ANALYZER_NUMBER_OBJECT_CONVERSION = YES_AGGRESSIVE;
				CLANG_CXX_LANGUAGE_STANDARD = "gnu++14";
				CLANG_CXX_LIBRARY = "libc++";
				CLANG_ENABLE_MODULES = YES;
				CLANG_ENABLE_OBJC_ARC = YES;
				CLANG_ENABLE_OBJC_WEAK = YES;
				CLANG_WARN_BLOCK_CAPTURE_AUTORELEASING = YES;
				CLANG_WARN_BOOL_CONVERSION = YES;
				CLANG_WARN_COMMA = YES;
				CLANG_WARN_CONSTANT_CONVERSION = YES;
				CLANG_WARN_DEPRECATED_OBJC_IMPLEMENTATIONS = YES;
				CLANG_WARN_DIRECT_OBJC_ISA_USAGE = YES_ERROR;
				CLANG_WARN_DOCUMENTATION_COMMENTS = YES;
				CLANG_WARN_EMPTY_BODY = YES;
				CLANG_WARN_ENUM_CONVERSION = YES;
				CLANG_WARN_INFINITE_RECURSION = YES;
				CLANG_WARN_INT_CONVERSION = YES;
				CLANG_WARN_NON_LITERAL_NULL_CONVERSION = YES;
				CLANG_WARN_OBJC_IMPLICIT_RETAIN_SELF = YES;
				CLANG_WARN_OBJC_LITERAL_CONVERSION = YES;
				CLANG_WARN_OBJC_ROOT_CLASS = YES_ERROR;
				CLANG_WARN_RANGE_LOOP_ANALYSIS = YES;
				CLANG_WARN_STRICT_PROTOTYPES = YES;
				CLANG_WARN_SUSPICIOUS_MOVE = YES;
				CLANG_WARN_UNGUARDED_AVAILABILITY = YES_AGGRESSIVE;
				CLANG_WARN_UNREACHABLE_CODE = YES;
				CLANG_WARN__DUPLICATE_METHOD_MATCH = YES;
				CODE_SIGN_IDENTITY = "Mac Developer";
				COPY_PHASE_STRIP = NO;
				DEBUG_INFORMATION_FORMAT = dwarf;
				ENABLE_STRICT_OBJC_MSGSEND = YES;
				ENABLE_TESTABILITY = YES;
				GCC_C_LANGUAGE_STANDARD = gnu11;
				GCC_DYNAMIC_NO_PIC = NO;
				GCC_NO_COMMON_BLOCKS = YES;
				GCC_OPTIMIZATION_LEVEL = 0;
				GCC_PREPROCESSOR_DEFINITIONS = (
					"DEBUG=1",
					"$(inherited)",
				);
				GCC_WARN_64_TO_32_BIT_CONVERSION = YES;
				GCC_WARN_ABOUT_RETURN_TYPE = YES_ERROR;
				GCC_WARN_UNDECLARED_SELECTOR = YES;
				GCC_WARN_UNINITIALIZED_AUTOS = YES_AGGRESSIVE;
				GCC_WARN_UNUSED_FUNCTION = YES;
				GCC_WARN_UNUSED_VARIABLE = YES;
				MACOSX_DEPLOYMENT_TARGET = 10.13;
				MTL_ENABLE_DEBUG_INFO = INCLUDE_SOURCE;
				MTL_FAST_MATH = YES;
				ONLY_ACTIVE_ARCH = YES;
				SDKROOT = macosx;
				SWIFT_ACTIVE_COMPILATION_CONDITIONS = DEBUG;
				SWIFT_OPTIMIZATION_LEVEL = "-Onone";
			};
			name = Debug;
		};
		53604C10215E12F400071149 /* Release */ = {
			isa = XCBuildConfiguration;
			buildSettings = {
				ALWAYS_SEARCH_USER_PATHS = NO;
				CLANG_ANALYZER_NONNULL = YES;
				CLANG_ANALYZER_NUMBER_OBJECT_CONVERSION = YES_AGGRESSIVE;
				CLANG_CXX_LANGUAGE_STANDARD = "gnu++14";
				CLANG_CXX_LIBRARY = "libc++";
				CLANG_ENABLE_MODULES = YES;
				CLANG_ENABLE_OBJC_ARC = YES;
				CLANG_ENABLE_OBJC_WEAK = YES;
				CLANG_WARN_BLOCK_CAPTURE_AUTORELEASING = YES;
				CLANG_WARN_BOOL_CONVERSION = YES;
				CLANG_WARN_COMMA = YES;
				CLANG_WARN_CONSTANT_CONVERSION = YES;
				CLANG_WARN_DEPRECATED_OBJC_IMPLEMENTATIONS = YES;
				CLANG_WARN_DIRECT_OBJC_ISA_USAGE = YES_ERROR;
				CLANG_WARN_DOCUMENTATION_COMMENTS = YES;
				CLANG_WARN_EMPTY_BODY = YES;
				CLANG_WARN_ENUM_CONVERSION = YES;
				CLANG_WARN_INFINITE_RECURSION = YES;
				CLANG_WARN_INT_CONVERSION = YES;
				CLANG_WARN_NON_LITERAL_NULL_CONVERSION = YES;
				CLANG_WARN_OBJC_IMPLICIT_RETAIN_SELF = YES;
				CLANG_WARN_OBJC_LITERAL_CONVERSION = YES;
				CLANG_WARN_OBJC_ROOT_CLASS = YES_ERROR;
				CLANG_WARN_RANGE_LOOP_ANALYSIS = YES;
				CLANG_WARN_STRICT_PROTOTYPES = YES;
				CLANG_WARN_SUSPICIOUS_MOVE = YES;
				CLANG_WARN_UNGUARDED_AVAILABILITY = YES_AGGRESSIVE;
				CLANG_WARN_UNREACHABLE_CODE = YES;
				CLANG_WARN__DUPLICATE_METHOD_MATCH = YES;
				CODE_SIGN_IDENTITY = "Mac Developer";
				COPY_PHASE_STRIP = NO;
				DEBUG_INFORMATION_FORMAT = "dwarf-with-dsym";
				ENABLE_NS_ASSERTIONS = NO;
				ENABLE_STRICT_OBJC_MSGSEND = YES;
				GCC_C_LANGUAGE_STANDARD = gnu11;
				GCC_NO_COMMON_BLOCKS = YES;
				GCC_WARN_64_TO_32_BIT_CONVERSION = YES;
				GCC_WARN_ABOUT_RETURN_TYPE = YES_ERROR;
				GCC_WARN_UNDECLARED_SELECTOR = YES;
				GCC_WARN_UNINITIALIZED_AUTOS = YES_AGGRESSIVE;
				GCC_WARN_UNUSED_FUNCTION = YES;
				GCC_WARN_UNUSED_VARIABLE = YES;
				MACOSX_DEPLOYMENT_TARGET = 10.13;
				MTL_ENABLE_DEBUG_INFO = NO;
				MTL_FAST_MATH = YES;
				SDKROOT = macosx;
				SWIFT_COMPILATION_MODE = wholemodule;
				SWIFT_OPTIMIZATION_LEVEL = "-O";
			};
			name = Release;
		};
		53604C12215E12F400071149 /* Debug */ = {
			isa = XCBuildConfiguration;
			baseConfigurationReference = E8264CE5DD8E68D4479388EC /* Pods-Akku.debug.xcconfig */;
			buildSettings = {
				ASSETCATALOG_COMPILER_APPICON_NAME = AppIcon;
				CODE_SIGN_IDENTITY = "Developer ID Application";
				CODE_SIGN_STYLE = Manual;
				COMBINE_HIDPI_IMAGES = YES;
				DEVELOPMENT_TEAM = JHKDY4UQ72;
				INFOPLIST_FILE = Akku/Info.plist;
				MACOSX_DEPLOYMENT_TARGET = 10.10;
				MARKETING_VERSION = "0.1.0-beta.10";
				PRODUCT_BUNDLE_IDENTIFIER = io.jari.Akku;
				PRODUCT_NAME = "$(TARGET_NAME)";
				PROVISIONING_PROFILE_SPECIFIER = "";
				SWIFT_VERSION = 4.2;
			};
			name = Debug;
		};
		53604C13215E12F400071149 /* Release */ = {
			isa = XCBuildConfiguration;
			baseConfigurationReference = 45E1786BB16FAE0C4FF70254 /* Pods-Akku.release.xcconfig */;
			buildSettings = {
				ASSETCATALOG_COMPILER_APPICON_NAME = AppIcon;
				CODE_SIGN_IDENTITY = "Developer ID Application";
				CODE_SIGN_STYLE = Manual;
				COMBINE_HIDPI_IMAGES = YES;
				DEVELOPMENT_TEAM = JHKDY4UQ72;
				INFOPLIST_FILE = Akku/Info.plist;
				MACOSX_DEPLOYMENT_TARGET = 10.10;
				MARKETING_VERSION = "0.1.0-beta.10";
				PRODUCT_BUNDLE_IDENTIFIER = io.jari.Akku;
				PRODUCT_NAME = "$(TARGET_NAME)";
				PROVISIONING_PROFILE_SPECIFIER = "";
				SWIFT_VERSION = 4.2;
			};
			name = Release;
		};
		53604C1D215E131E00071149 /* Debug */ = {
			isa = XCBuildConfiguration;
			baseConfigurationReference = C0273CCC27ADA7521975ADEB /* Pods-io.jari.AkkuHelper.debug.xcconfig */;
			buildSettings = {
				CODE_SIGN_IDENTITY = "Developer ID Application";
				CODE_SIGN_STYLE = Manual;
				DEVELOPMENT_TEAM = JHKDY4UQ72;
				INFOPLIST_FILE = "$(SRCROOT)/AkkuHelper/Helper-Info.plist";
				MACOSX_DEPLOYMENT_TARGET = 10.10;
				OTHER_LDFLAGS = (
					"$(inherited)",
					"-sectcreate",
					__TEXT,
					__info_plist,
					"\"$(SRCROOT)/AkkuHelper/Helper-Info.plist\"",
					"-sectcreate",
					__TEXT,
					__launchd_plist,
					"\"$(SRCROOT)/AkkuHelper/Helper-Launchd.plist\"",
				);
				PRODUCT_BUNDLE_IDENTIFIER = io.jari.AkkuHelper;
				PRODUCT_NAME = "$(TARGET_NAME)";
				PROVISIONING_PROFILE_SPECIFIER = "";
				SKIP_INSTALL = YES;
				SWIFT_VERSION = 4.2;
			};
			name = Debug;
		};
		53604C1E215E131E00071149 /* Release */ = {
			isa = XCBuildConfiguration;
			baseConfigurationReference = 7FCCD277D050807BA418957B /* Pods-io.jari.AkkuHelper.release.xcconfig */;
			buildSettings = {
				CODE_SIGN_IDENTITY = "Developer ID Application";
				CODE_SIGN_STYLE = Manual;
				DEVELOPMENT_TEAM = JHKDY4UQ72;
				INFOPLIST_FILE = "$(SRCROOT)/AkkuHelper/Helper-Info.plist";
				MACOSX_DEPLOYMENT_TARGET = 10.10;
				OTHER_LDFLAGS = (
					"$(inherited)",
					"-sectcreate",
					__TEXT,
					__info_plist,
					"\"$(SRCROOT)/AkkuHelper/Helper-Info.plist\"",
					"-sectcreate",
					__TEXT,
					__launchd_plist,
					"\"$(SRCROOT)/AkkuHelper/Helper-Launchd.plist\"",
				);
				PRODUCT_BUNDLE_IDENTIFIER = io.jari.AkkuHelper;
				PRODUCT_NAME = "$(TARGET_NAME)";
				PROVISIONING_PROFILE_SPECIFIER = "";
				SKIP_INSTALL = YES;
				SWIFT_VERSION = 4.2;
			};
			name = Release;
		};
/* End XCBuildConfiguration section */

/* Begin XCConfigurationList section */
		494BACBB22F0C85000F63741 /* Build configuration list for PBXNativeTarget "AkkuTests" */ = {
			isa = XCConfigurationList;
			buildConfigurations = (
				494BACBC22F0C85000F63741 /* Debug */,
				494BACBD22F0C85000F63741 /* Release */,
			);
			defaultConfigurationIsVisible = 0;
			defaultConfigurationName = Release;
		};
		53604BFE215E12F300071149 /* Build configuration list for PBXProject "Akku" */ = {
			isa = XCConfigurationList;
			buildConfigurations = (
				53604C0F215E12F400071149 /* Debug */,
				53604C10215E12F400071149 /* Release */,
			);
			defaultConfigurationIsVisible = 0;
			defaultConfigurationName = Release;
		};
		53604C11215E12F400071149 /* Build configuration list for PBXNativeTarget "Akku" */ = {
			isa = XCConfigurationList;
			buildConfigurations = (
				53604C12215E12F400071149 /* Debug */,
				53604C13215E12F400071149 /* Release */,
			);
			defaultConfigurationIsVisible = 0;
			defaultConfigurationName = Release;
		};
		53604C1C215E131E00071149 /* Build configuration list for PBXNativeTarget "io.jari.AkkuHelper" */ = {
			isa = XCConfigurationList;
			buildConfigurations = (
				53604C1D215E131E00071149 /* Debug */,
				53604C1E215E131E00071149 /* Release */,
			);
			defaultConfigurationIsVisible = 0;
			defaultConfigurationName = Release;
		};
/* End XCConfigurationList section */
	};
	rootObject = 53604BFB215E12F300071149 /* Project object */;
}
