// !$*UTF8*$!
{
	archiveVersion = 1;
	classes = {
	};
	objectVersion = 50;
	objects = {

/* Begin PBXBuildFile section */
		49415EB82189E68100C854F7 /* CommandParser.swift in Sources */ = {isa = PBXBuildFile; fileRef = 49A83C812189E1BB005BFBFD /* CommandParser.swift */; };
		49415EBD2189F56D00C854F7 /* BatteryInfo.swift in Sources */ = {isa = PBXBuildFile; fileRef = 49415EBB2189F56700C854F7 /* BatteryInfo.swift */; };
		49415EBE2189F57000C854F7 /* Connection.swift in Sources */ = {isa = PBXBuildFile; fileRef = 49415EB92189F55500C854F7 /* Connection.swift */; };
		49415EBF2189F57D00C854F7 /* BatteryInfo.swift in Sources */ = {isa = PBXBuildFile; fileRef = 49415EBB2189F56700C854F7 /* BatteryInfo.swift */; };
		49415EC1218A1C1F00C854F7 /* BatteryMenuItem.xib in Resources */ = {isa = PBXBuildFile; fileRef = 49415EC0218A1C1F00C854F7 /* BatteryMenuItem.xib */; };
		49415EC3218A1C7A00C854F7 /* BatteryMenuItemController.swift in Sources */ = {isa = PBXBuildFile; fileRef = 49415EC2218A1C7A00C854F7 /* BatteryMenuItemController.swift */; };
		49415EC7218B965E00C854F7 /* NSImage+tinting.swift in Sources */ = {isa = PBXBuildFile; fileRef = 49415EC6218B965E00C854F7 /* NSImage+tinting.swift */; };
		4996492F21A5F5EF0088D8FE /* ConnectionRequest.swift in Sources */ = {isa = PBXBuildFile; fileRef = 4996492D21A5ED2E0088D8FE /* ConnectionRequest.swift */; };
		49A57C432182359100119136 /* RFCOMMChannel.swift in Sources */ = {isa = PBXBuildFile; fileRef = 49A57C392182359100119136 /* RFCOMMChannel.swift */; };
		49A57C442182359100119136 /* RFCOMMPacket.swift in Sources */ = {isa = PBXBuildFile; fileRef = 49A57C3B2182359100119136 /* RFCOMMPacket.swift */; };
		49A57C452182359100119136 /* L2CapPacket.swift in Sources */ = {isa = PBXBuildFile; fileRef = 49A57C3C2182359100119136 /* L2CapPacket.swift */; };
		49A57C462182359100119136 /* EventPacket.swift in Sources */ = {isa = PBXBuildFile; fileRef = 49A57C3D2182359100119136 /* EventPacket.swift */; };
		49A57C472182359100119136 /* BluetoothHCIError.swift in Sources */ = {isa = PBXBuildFile; fileRef = 49A57C3F2182359100119136 /* BluetoothHCIError.swift */; };
		49A57C482182359100119136 /* PacketType.swift in Sources */ = {isa = PBXBuildFile; fileRef = 49A57C402182359100119136 /* PacketType.swift */; };
		49A57C492182359100119136 /* Driver.swift in Sources */ = {isa = PBXBuildFile; fileRef = 49A57C412182359100119136 /* Driver.swift */; };
		49A57C4C2182494100119136 /* HelperAuthorizationRight.swift in Sources */ = {isa = PBXBuildFile; fileRef = 49A57C4A2182494100119136 /* HelperAuthorizationRight.swift */; };
		49A57C4D2182494100119136 /* HelperAuthorization.swift in Sources */ = {isa = PBXBuildFile; fileRef = 49A57C4B2182494100119136 /* HelperAuthorization.swift */; };
		49A57C4E218249E500119136 /* HelperAuthorization.swift in Sources */ = {isa = PBXBuildFile; fileRef = 49A57C4B2182494100119136 /* HelperAuthorization.swift */; };
		49A57C4F218249E500119136 /* HelperAuthorizationRight.swift in Sources */ = {isa = PBXBuildFile; fileRef = 49A57C4A2182494100119136 /* HelperAuthorizationRight.swift */; };
		49A57C5121824AA400119136 /* HelperInstaller.swift in Sources */ = {isa = PBXBuildFile; fileRef = 49A57C5021824AA400119136 /* HelperInstaller.swift */; };
		49A57C5321824B1A00119136 /* StatusMenuController.swift in Sources */ = {isa = PBXBuildFile; fileRef = 49A57C5221824B1A00119136 /* StatusMenuController.swift */; };
		49A57C55218250CA00119136 /* HelperInstaller.xib in Resources */ = {isa = PBXBuildFile; fileRef = 49A57C54218250CA00119136 /* HelperInstaller.xib */; };
		49A83C7721866F7C005BFBFD /* CVarArg+hex.swift in Sources */ = {isa = PBXBuildFile; fileRef = 49A83C7521866F1D005BFBFD /* CVarArg+hex.swift */; };
		49A83C7A21867235005BFBFD /* kern_return_t+string.swift in Sources */ = {isa = PBXBuildFile; fileRef = 49A83C7821867150005BFBFD /* kern_return_t+string.swift */; };
		49A83C7D2189BECB005BFBFD /* L2CapCommand.swift in Sources */ = {isa = PBXBuildFile; fileRef = 49A83C7B2189B3D3005BFBFD /* L2CapCommand.swift */; };
		49C458B221ABFB7C00AB9FB9 /* Extensions.swift in Sources */ = {isa = PBXBuildFile; fileRef = 49C458B121ABFB7C00AB9FB9 /* Extensions.swift */; };
		49FD57E921BE9DAA00B2A5CE /* Podfile in Resources */ = {isa = PBXBuildFile; fileRef = 49FD57E821BE9DAA00B2A5CE /* Podfile */; };
		535731AF215E1E5A009FDE00 /* HelperConstants.swift in Sources */ = {isa = PBXBuildFile; fileRef = 53604C21215E13E200071149 /* HelperConstants.swift */; };
		53604C07215E12F300071149 /* AppDelegate.swift in Sources */ = {isa = PBXBuildFile; fileRef = 53604C06215E12F300071149 /* AppDelegate.swift */; };
		53604C09215E12F400071149 /* Assets.xcassets in Resources */ = {isa = PBXBuildFile; fileRef = 53604C08215E12F400071149 /* Assets.xcassets */; };
		53604C0C215E12F400071149 /* MainMenu.xib in Resources */ = {isa = PBXBuildFile; fileRef = 53604C0A215E12F400071149 /* MainMenu.xib */; };
		53604C1B215E131E00071149 /* main.swift in Sources */ = {isa = PBXBuildFile; fileRef = 53604C1A215E131E00071149 /* main.swift */; };
		53604C20215E134500071149 /* Helper.swift in Sources */ = {isa = PBXBuildFile; fileRef = 53604C1F215E134500071149 /* Helper.swift */; };
		53604C22215E13E200071149 /* HelperConstants.swift in Sources */ = {isa = PBXBuildFile; fileRef = 53604C21215E13E200071149 /* HelperConstants.swift */; };
		53604C26215E185D00071149 /* HelperProtocol.swift in Sources */ = {isa = PBXBuildFile; fileRef = 53604C25215E185D00071149 /* HelperProtocol.swift */; };
		53604C2A215E1B0100071149 /* AppProtocol.swift in Sources */ = {isa = PBXBuildFile; fileRef = 53604C29215E1B0100071149 /* AppProtocol.swift */; };
		53604C2C215E1C2700071149 /* AppProtocol.swift in Sources */ = {isa = PBXBuildFile; fileRef = 53604C29215E1B0100071149 /* AppProtocol.swift */; };
		53604C2E215E1CFB00071149 /* io.jari.AkkuHelper in Copy Helper */ = {isa = PBXBuildFile; fileRef = 53604C18215E131D00071149 /* io.jari.AkkuHelper */; settings = {ATTRIBUTES = (CodeSignOnCopy, ); }; };
		53C6B95E216767F0001A80FD /* CodesignCheck.swift in Sources */ = {isa = PBXBuildFile; fileRef = 53C6B95921676219001A80FD /* CodesignCheck.swift */; };
		53EE395F215E2631007310F5 /* HelperProtocol.swift in Sources */ = {isa = PBXBuildFile; fileRef = 53604C25215E185D00071149 /* HelperProtocol.swift */; };
		BE7433273385ACD10B74A4D0 /* libPods-io.jari.AkkuHelper.a in Frameworks */ = {isa = PBXBuildFile; fileRef = 0E3CFB6AFC65A7D951F57DC8 /* libPods-io.jari.AkkuHelper.a */; };
		C62EA679303FFBF1BC3A0E4A /* Pods_Akku.framework in Frameworks */ = {isa = PBXBuildFile; fileRef = F050B9F0EDD513237C34B393 /* Pods_Akku.framework */; };
/* End PBXBuildFile section */

/* Begin PBXContainerItemProxy section */
		49A57C342181DA1C00119136 /* PBXContainerItemProxy */ = {
			isa = PBXContainerItemProxy;
			containerPortal = 53604BFB215E12F300071149 /* Project object */;
			proxyType = 1;
			remoteGlobalIDString = 53604C17215E131D00071149;
			remoteInfo = io.jari.AkkuHelper;
		};
/* End PBXContainerItemProxy section */

/* Begin PBXCopyFilesBuildPhase section */
		53604C16215E131D00071149 /* CopyFiles */ = {
			isa = PBXCopyFilesBuildPhase;
			buildActionMask = 2147483647;
			dstPath = /usr/share/man/man1/;
			dstSubfolderSpec = 0;
			files = (
			);
			runOnlyForDeploymentPostprocessing = 1;
		};
		53604C2D215E1CE600071149 /* Copy Helper */ = {
			isa = PBXCopyFilesBuildPhase;
			buildActionMask = 2147483647;
			dstPath = Contents/Library/LaunchServices;
			dstSubfolderSpec = 1;
			files = (
				53604C2E215E1CFB00071149 /* io.jari.AkkuHelper in Copy Helper */,
			);
			name = "Copy Helper";
			runOnlyForDeploymentPostprocessing = 0;
		};
/* End PBXCopyFilesBuildPhase section */

/* Begin PBXFileReference section */
		0E3CFB6AFC65A7D951F57DC8 /* libPods-io.jari.AkkuHelper.a */ = {isa = PBXFileReference; explicitFileType = archive.ar; includeInIndex = 0; path = "libPods-io.jari.AkkuHelper.a"; sourceTree = BUILT_PRODUCTS_DIR; };
		1B4979FE873E1710EE994FFC /* Pods-Akku.release.xcconfig */ = {isa = PBXFileReference; includeInIndex = 1; lastKnownFileType = text.xcconfig; name = "Pods-Akku.release.xcconfig"; path = "Pods/Target Support Files/Pods-Akku/Pods-Akku.release.xcconfig"; sourceTree = "<group>"; };
		49415EB92189F55500C854F7 /* Connection.swift */ = {isa = PBXFileReference; lastKnownFileType = sourcecode.swift; path = Connection.swift; sourceTree = "<group>"; };
		49415EBB2189F56700C854F7 /* BatteryInfo.swift */ = {isa = PBXFileReference; lastKnownFileType = sourcecode.swift; path = BatteryInfo.swift; sourceTree = "<group>"; };
		49415EC0218A1C1F00C854F7 /* BatteryMenuItem.xib */ = {isa = PBXFileReference; lastKnownFileType = file.xib; path = BatteryMenuItem.xib; sourceTree = "<group>"; };
		49415EC2218A1C7A00C854F7 /* BatteryMenuItemController.swift */ = {isa = PBXFileReference; lastKnownFileType = sourcecode.swift; path = BatteryMenuItemController.swift; sourceTree = "<group>"; };
		49415EC4218A2C5500C854F7 /* README.md */ = {isa = PBXFileReference; fileEncoding = 4; lastKnownFileType = net.daringfireball.markdown; name = README.md; path = ../README.md; sourceTree = "<group>"; };
		49415EC6218B965E00C854F7 /* NSImage+tinting.swift */ = {isa = PBXFileReference; lastKnownFileType = sourcecode.swift; path = "NSImage+tinting.swift"; sourceTree = "<group>"; };
		495D69CE218124CC004621C9 /* SMJobBlessUtil.py */ = {isa = PBXFileReference; fileEncoding = 4; lastKnownFileType = text.script.python; path = SMJobBlessUtil.py; sourceTree = "<group>"; };
		4996492D21A5ED2E0088D8FE /* ConnectionRequest.swift */ = {isa = PBXFileReference; lastKnownFileType = sourcecode.swift; path = ConnectionRequest.swift; sourceTree = "<group>"; };
		49A57C392182359100119136 /* RFCOMMChannel.swift */ = {isa = PBXFileReference; fileEncoding = 4; lastKnownFileType = sourcecode.swift; path = RFCOMMChannel.swift; sourceTree = "<group>"; };
		49A57C3B2182359100119136 /* RFCOMMPacket.swift */ = {isa = PBXFileReference; fileEncoding = 4; lastKnownFileType = sourcecode.swift; path = RFCOMMPacket.swift; sourceTree = "<group>"; };
		49A57C3C2182359100119136 /* L2CapPacket.swift */ = {isa = PBXFileReference; fileEncoding = 4; lastKnownFileType = sourcecode.swift; path = L2CapPacket.swift; sourceTree = "<group>"; };
		49A57C3D2182359100119136 /* EventPacket.swift */ = {isa = PBXFileReference; fileEncoding = 4; lastKnownFileType = sourcecode.swift; path = EventPacket.swift; sourceTree = "<group>"; };
		49A57C3F2182359100119136 /* BluetoothHCIError.swift */ = {isa = PBXFileReference; fileEncoding = 4; lastKnownFileType = sourcecode.swift; path = BluetoothHCIError.swift; sourceTree = "<group>"; };
		49A57C402182359100119136 /* PacketType.swift */ = {isa = PBXFileReference; fileEncoding = 4; lastKnownFileType = sourcecode.swift; path = PacketType.swift; sourceTree = "<group>"; };
		49A57C412182359100119136 /* Driver.swift */ = {isa = PBXFileReference; fileEncoding = 4; lastKnownFileType = sourcecode.swift; path = Driver.swift; sourceTree = "<group>"; };
		49A57C4A2182494100119136 /* HelperAuthorizationRight.swift */ = {isa = PBXFileReference; fileEncoding = 4; lastKnownFileType = sourcecode.swift; path = HelperAuthorizationRight.swift; sourceTree = "<group>"; };
		49A57C4B2182494100119136 /* HelperAuthorization.swift */ = {isa = PBXFileReference; fileEncoding = 4; lastKnownFileType = sourcecode.swift; path = HelperAuthorization.swift; sourceTree = "<group>"; };
		49A57C5021824AA400119136 /* HelperInstaller.swift */ = {isa = PBXFileReference; lastKnownFileType = sourcecode.swift; path = HelperInstaller.swift; sourceTree = "<group>"; };
		49A57C5221824B1A00119136 /* StatusMenuController.swift */ = {isa = PBXFileReference; lastKnownFileType = sourcecode.swift; path = StatusMenuController.swift; sourceTree = "<group>"; };
		49A57C54218250CA00119136 /* HelperInstaller.xib */ = {isa = PBXFileReference; lastKnownFileType = file.xib; path = HelperInstaller.xib; sourceTree = "<group>"; };
		49A83C7521866F1D005BFBFD /* CVarArg+hex.swift */ = {isa = PBXFileReference; lastKnownFileType = sourcecode.swift; path = "CVarArg+hex.swift"; sourceTree = "<group>"; };
		49A83C7821867150005BFBFD /* kern_return_t+string.swift */ = {isa = PBXFileReference; lastKnownFileType = sourcecode.swift; path = "kern_return_t+string.swift"; sourceTree = "<group>"; };
		49A83C7B2189B3D3005BFBFD /* L2CapCommand.swift */ = {isa = PBXFileReference; lastKnownFileType = sourcecode.swift; path = L2CapCommand.swift; sourceTree = "<group>"; };
		49A83C812189E1BB005BFBFD /* CommandParser.swift */ = {isa = PBXFileReference; lastKnownFileType = sourcecode.swift; path = CommandParser.swift; sourceTree = "<group>"; };
		49C458B121ABFB7C00AB9FB9 /* Extensions.swift */ = {isa = PBXFileReference; lastKnownFileType = sourcecode.swift; path = Extensions.swift; sourceTree = "<group>"; };
		49FD57E821BE9DAA00B2A5CE /* Podfile */ = {isa = PBXFileReference; fileEncoding = 4; lastKnownFileType = text; path = Podfile; sourceTree = "<group>"; };
		4FA9976E32DA4295A1702A7E /* Pods-io.jari.AkkuHelper.release.xcconfig */ = {isa = PBXFileReference; includeInIndex = 1; lastKnownFileType = text.xcconfig; name = "Pods-io.jari.AkkuHelper.release.xcconfig"; path = "Pods/Target Support Files/Pods-io.jari.AkkuHelper/Pods-io.jari.AkkuHelper.release.xcconfig"; sourceTree = "<group>"; };
		50A7B038D5A54FC3F1FB8719 /* Pods-io.jari.AkkuHelper.debug.xcconfig */ = {isa = PBXFileReference; includeInIndex = 1; lastKnownFileType = text.xcconfig; name = "Pods-io.jari.AkkuHelper.debug.xcconfig"; path = "Pods/Target Support Files/Pods-io.jari.AkkuHelper/Pods-io.jari.AkkuHelper.debug.xcconfig"; sourceTree = "<group>"; };
		53604C03215E12F300071149 /* Akku.app */ = {isa = PBXFileReference; explicitFileType = wrapper.application; includeInIndex = 0; path = Akku.app; sourceTree = BUILT_PRODUCTS_DIR; };
		53604C06215E12F300071149 /* AppDelegate.swift */ = {isa = PBXFileReference; lastKnownFileType = sourcecode.swift; path = AppDelegate.swift; sourceTree = "<group>"; };
		53604C08215E12F400071149 /* Assets.xcassets */ = {isa = PBXFileReference; lastKnownFileType = folder.assetcatalog; path = Assets.xcassets; sourceTree = "<group>"; };
		53604C0B215E12F400071149 /* Base */ = {isa = PBXFileReference; lastKnownFileType = file.xib; name = Base; path = Base.lproj/MainMenu.xib; sourceTree = "<group>"; };
		53604C0D215E12F400071149 /* Info.plist */ = {isa = PBXFileReference; lastKnownFileType = text.plist.xml; path = Info.plist; sourceTree = "<group>"; };
		53604C18215E131D00071149 /* io.jari.AkkuHelper */ = {isa = PBXFileReference; explicitFileType = "compiled.mach-o.executable"; includeInIndex = 0; path = io.jari.AkkuHelper; sourceTree = BUILT_PRODUCTS_DIR; };
		53604C1A215E131E00071149 /* main.swift */ = {isa = PBXFileReference; lastKnownFileType = sourcecode.swift; path = main.swift; sourceTree = "<group>"; };
		53604C1F215E134500071149 /* Helper.swift */ = {isa = PBXFileReference; lastKnownFileType = sourcecode.swift; path = Helper.swift; sourceTree = "<group>"; };
		53604C21215E13E200071149 /* HelperConstants.swift */ = {isa = PBXFileReference; lastKnownFileType = sourcecode.swift; path = HelperConstants.swift; sourceTree = "<group>"; };
		53604C23215E14C900071149 /* Helper-Info.plist */ = {isa = PBXFileReference; lastKnownFileType = text.plist.xml; path = "Helper-Info.plist"; sourceTree = "<group>"; };
		53604C24215E150C00071149 /* Helper-Launchd.plist */ = {isa = PBXFileReference; lastKnownFileType = text.plist.xml; path = "Helper-Launchd.plist"; sourceTree = "<group>"; };
		53604C25215E185D00071149 /* HelperProtocol.swift */ = {isa = PBXFileReference; lastKnownFileType = sourcecode.swift; path = HelperProtocol.swift; sourceTree = "<group>"; };
		53604C29215E1B0100071149 /* AppProtocol.swift */ = {isa = PBXFileReference; lastKnownFileType = sourcecode.swift; path = AppProtocol.swift; sourceTree = "<group>"; };
		53C6B95921676219001A80FD /* CodesignCheck.swift */ = {isa = PBXFileReference; fileEncoding = 4; lastKnownFileType = sourcecode.swift; path = CodesignCheck.swift; sourceTree = "<group>"; };
		75F9A3D9EC5458C9B9157091 /* Pods-Akku.debug.xcconfig */ = {isa = PBXFileReference; includeInIndex = 1; lastKnownFileType = text.xcconfig; name = "Pods-Akku.debug.xcconfig"; path = "Pods/Target Support Files/Pods-Akku/Pods-Akku.debug.xcconfig"; sourceTree = "<group>"; };
		F050B9F0EDD513237C34B393 /* Pods_Akku.framework */ = {isa = PBXFileReference; explicitFileType = wrapper.framework; includeInIndex = 0; path = Pods_Akku.framework; sourceTree = BUILT_PRODUCTS_DIR; };
/* End PBXFileReference section */

/* Begin PBXFrameworksBuildPhase section */
		53604C00215E12F300071149 /* Frameworks */ = {
			isa = PBXFrameworksBuildPhase;
			buildActionMask = 2147483647;
			files = (
				C62EA679303FFBF1BC3A0E4A /* Pods_Akku.framework in Frameworks */,
			);
			runOnlyForDeploymentPostprocessing = 0;
		};
		53604C15215E131D00071149 /* Frameworks */ = {
			isa = PBXFrameworksBuildPhase;
			buildActionMask = 2147483647;
			files = (
				BE7433273385ACD10B74A4D0 /* libPods-io.jari.AkkuHelper.a in Frameworks */,
			);
			runOnlyForDeploymentPostprocessing = 0;
		};
/* End PBXFrameworksBuildPhase section */

/* Begin PBXGroup section */
		49A57C352182353A00119136 /* Helper */ = {
			isa = PBXGroup;
			children = (
				49A57C4B2182494100119136 /* HelperAuthorization.swift */,
				49A57C4A2182494100119136 /* HelperAuthorizationRight.swift */,
				53604C1F215E134500071149 /* Helper.swift */,
				53604C21215E13E200071149 /* HelperConstants.swift */,
				53604C25215E185D00071149 /* HelperProtocol.swift */,
			);
			path = Helper;
			sourceTree = "<group>";
		};
		49A57C382182359100119136 /* Entities */ = {
			isa = PBXGroup;
			children = (
				49415EB92189F55500C854F7 /* Connection.swift */,
				49415EBB2189F56700C854F7 /* BatteryInfo.swift */,
				49A57C392182359100119136 /* RFCOMMChannel.swift */,
				4996492D21A5ED2E0088D8FE /* ConnectionRequest.swift */,
			);
			path = Entities;
			sourceTree = "<group>";
		};
		49A57C3A2182359100119136 /* Packets */ = {
			isa = PBXGroup;
			children = (
				49A57C3B2182359100119136 /* RFCOMMPacket.swift */,
				49A57C3C2182359100119136 /* L2CapPacket.swift */,
				49A57C3D2182359100119136 /* EventPacket.swift */,
				49A83C7B2189B3D3005BFBFD /* L2CapCommand.swift */,
			);
			path = Packets;
			sourceTree = "<group>";
		};
		49A57C3E2182359100119136 /* Enums */ = {
			isa = PBXGroup;
			children = (
				49A57C3F2182359100119136 /* BluetoothHCIError.swift */,
				49A57C402182359100119136 /* PacketType.swift */,
			);
			path = Enums;
			sourceTree = "<group>";
		};
		49A83C7421866F06005BFBFD /* Extensions */ = {
			isa = PBXGroup;
			children = (
				49A83C7521866F1D005BFBFD /* CVarArg+hex.swift */,
				49A83C7821867150005BFBFD /* kern_return_t+string.swift */,
				49415EC6218B965E00C854F7 /* NSImage+tinting.swift */,
			);
			path = Extensions;
			sourceTree = "<group>";
		};
		49A83C802189E179005BFBFD /* Bluetooth */ = {
			isa = PBXGroup;
			children = (
				49A57C412182359100119136 /* Driver.swift */,
				49A83C812189E1BB005BFBFD /* CommandParser.swift */,
			);
			path = Bluetooth;
			sourceTree = "<group>";
		};
		532308F12163908D00A456CF /* Scripts */ = {
			isa = PBXGroup;
			children = (
				495D69CE218124CC004621C9 /* SMJobBlessUtil.py */,
			);
			path = Scripts;
			sourceTree = "<group>";
		};
		53604BFA215E12F300071149 = {
			isa = PBXGroup;
			children = (
				49FD57E821BE9DAA00B2A5CE /* Podfile */,
				49415EC4218A2C5500C854F7 /* README.md */,
				53604C05215E12F300071149 /* Akku */,
				53604C19215E131E00071149 /* AkkuHelper */,
				53C6B95C21676229001A80FD /* Utility */,
				532308F12163908D00A456CF /* Scripts */,
				53604C04215E12F300071149 /* Products */,
				CE11B9A143CF630DEE88E941 /* Pods */,
				E6734501B9F45133DFD1F7C0 /* Frameworks */,
			);
			sourceTree = "<group>";
		};
		53604C04215E12F300071149 /* Products */ = {
			isa = PBXGroup;
			children = (
				53604C03215E12F300071149 /* Akku.app */,
				53604C18215E131D00071149 /* io.jari.AkkuHelper */,
			);
			name = Products;
			sourceTree = "<group>";
		};
		53604C05215E12F300071149 /* Akku */ = {
			isa = PBXGroup;
			children = (
				53604C06215E12F300071149 /* AppDelegate.swift */,
				53604C29215E1B0100071149 /* AppProtocol.swift */,
				53604C08215E12F400071149 /* Assets.xcassets */,
				53604C0A215E12F400071149 /* MainMenu.xib */,
				53604C0D215E12F400071149 /* Info.plist */,
				49A57C5021824AA400119136 /* HelperInstaller.swift */,
				49A57C54218250CA00119136 /* HelperInstaller.xib */,
				49A57C5221824B1A00119136 /* StatusMenuController.swift */,
				49415EC0218A1C1F00C854F7 /* BatteryMenuItem.xib */,
				49415EC2218A1C7A00C854F7 /* BatteryMenuItemController.swift */,
				49C458B121ABFB7C00AB9FB9 /* Extensions.swift */,
			);
			path = Akku;
			sourceTree = "<group>";
		};
		53604C19215E131E00071149 /* AkkuHelper */ = {
			isa = PBXGroup;
			children = (
				49A83C802189E179005BFBFD /* Bluetooth */,
				49A83C7421866F06005BFBFD /* Extensions */,
				49A57C382182359100119136 /* Entities */,
				49A57C3E2182359100119136 /* Enums */,
				49A57C3A2182359100119136 /* Packets */,
				49A57C352182353A00119136 /* Helper */,
				53604C1A215E131E00071149 /* main.swift */,
				53604C23215E14C900071149 /* Helper-Info.plist */,
				53604C24215E150C00071149 /* Helper-Launchd.plist */,
			);
			path = AkkuHelper;
			sourceTree = "<group>";
		};
		53C6B95C21676229001A80FD /* Utility */ = {
			isa = PBXGroup;
			children = (
				53C6B95921676219001A80FD /* CodesignCheck.swift */,
			);
			path = Utility;
			sourceTree = "<group>";
		};
		CE11B9A143CF630DEE88E941 /* Pods */ = {
			isa = PBXGroup;
			children = (
				75F9A3D9EC5458C9B9157091 /* Pods-Akku.debug.xcconfig */,
				1B4979FE873E1710EE994FFC /* Pods-Akku.release.xcconfig */,
				50A7B038D5A54FC3F1FB8719 /* Pods-io.jari.AkkuHelper.debug.xcconfig */,
				4FA9976E32DA4295A1702A7E /* Pods-io.jari.AkkuHelper.release.xcconfig */,
			);
			name = Pods;
			sourceTree = "<group>";
		};
		E6734501B9F45133DFD1F7C0 /* Frameworks */ = {
			isa = PBXGroup;
			children = (
				F050B9F0EDD513237C34B393 /* Pods_Akku.framework */,
				0E3CFB6AFC65A7D951F57DC8 /* libPods-io.jari.AkkuHelper.a */,
			);
			name = Frameworks;
			sourceTree = "<group>";
		};
/* End PBXGroup section */

/* Begin PBXNativeTarget section */
		53604C02215E12F300071149 /* Akku */ = {
			isa = PBXNativeTarget;
			buildConfigurationList = 53604C11215E12F400071149 /* Build configuration list for PBXNativeTarget "Akku" */;
			buildPhases = (
				F0BA878096340B757F707E39 /* [CP] Check Pods Manifest.lock */,
				E1F3C2FFC6665066346A6298 /* [Amimono] Create filelist per architecture */,
				5361D2122162410E0036E296 /* Run Script */,
				53604BFF215E12F300071149 /* Sources */,
				53604C00215E12F300071149 /* Frameworks */,
				53604C01215E12F300071149 /* Resources */,
				53604C2D215E1CE600071149 /* Copy Helper */,
			);
			buildRules = (
			);
			dependencies = (
				53EE395C215E22CE007310F5 /* PBXTargetDependency */,
			);
			name = Akku;
			productName = SwiftPrivilegedHelperApplication;
			productReference = 53604C03215E12F300071149 /* Akku.app */;
			productType = "com.apple.product-type.application";
		};
		53604C17215E131D00071149 /* io.jari.AkkuHelper */ = {
			isa = PBXNativeTarget;
			buildConfigurationList = 53604C1C215E131E00071149 /* Build configuration list for PBXNativeTarget "io.jari.AkkuHelper" */;
			buildPhases = (
				A8B20CAAE4466CA4BE7CFAAC /* [CP] Check Pods Manifest.lock */,
				0D3DA44508C6C07D504BCCB9 /* [Amimono] Create filelist per architecture */,
				53604C14215E131D00071149 /* Sources */,
				53604C15215E131D00071149 /* Frameworks */,
				53604C16215E131D00071149 /* CopyFiles */,
			);
			buildRules = (
			);
			dependencies = (
			);
			name = io.jari.AkkuHelper;
			productName = SwiftPrivilegedHelper;
			productReference = 53604C18215E131D00071149 /* io.jari.AkkuHelper */;
			productType = "com.apple.product-type.tool";
		};
/* End PBXNativeTarget section */

/* Begin PBXProject section */
		53604BFB215E12F300071149 /* Project object */ = {
			isa = PBXProject;
			attributes = {
				LastSwiftUpdateCheck = 1000;
				LastUpgradeCheck = 1010;
				ORGANIZATIONNAME = JARI.IO;
				TargetAttributes = {
					53604C02215E12F300071149 = {
						CreatedOnToolsVersion = 10.0;
						SystemCapabilities = {
							com.apple.Sandbox = {
								enabled = 0;
							};
						};
					};
					53604C17215E131D00071149 = {
						CreatedOnToolsVersion = 10.0;
					};
				};
			};
			buildConfigurationList = 53604BFE215E12F300071149 /* Build configuration list for PBXProject "Akku" */;
			compatibilityVersion = "Xcode 9.3";
			developmentRegion = en;
			hasScannedForEncodings = 0;
			knownRegions = (
				en,
				Base,
			);
			mainGroup = 53604BFA215E12F300071149;
			productRefGroup = 53604C04215E12F300071149 /* Products */;
			projectDirPath = "";
			projectRoot = "";
			targets = (
				53604C02215E12F300071149 /* Akku */,
				53604C17215E131D00071149 /* io.jari.AkkuHelper */,
			);
		};
/* End PBXProject section */

/* Begin PBXResourcesBuildPhase section */
		53604C01215E12F300071149 /* Resources */ = {
			isa = PBXResourcesBuildPhase;
			buildActionMask = 2147483647;
			files = (
				49FD57E921BE9DAA00B2A5CE /* Podfile in Resources */,
				49415EC1218A1C1F00C854F7 /* BatteryMenuItem.xib in Resources */,
				53604C09215E12F400071149 /* Assets.xcassets in Resources */,
				49A57C55218250CA00119136 /* HelperInstaller.xib in Resources */,
				53604C0C215E12F400071149 /* MainMenu.xib in Resources */,
			);
			runOnlyForDeploymentPostprocessing = 0;
		};
/* End PBXResourcesBuildPhase section */

/* Begin PBXShellScriptBuildPhase section */
		0D3DA44508C6C07D504BCCB9 /* [Amimono] Create filelist per architecture */ = {
			isa = PBXShellScriptBuildPhase;
			buildActionMask = 2147483647;
			files = (
			);
			inputPaths = (
			);
			name = "[Amimono] Create filelist per architecture";
			outputPaths = (
			);
			runOnlyForDeploymentPostprocessing = 0;
			shellPath = /bin/bash;
			shellScript = "declare -a DEPENDENCIES=();\nIFS=\" \" read -r -a SPLIT <<< \"$ARCHS\"\nfor ARCH in \"${SPLIT[@]}\"; do\n  cd \"$OBJROOT/Pods.build\"\n  filelist=\"\"\n  for dependency in \"${DEPENDENCIES[@]}\"; do\n    path=\"${CONFIGURATION}${EFFECTIVE_PLATFORM_NAME}/${dependency}.build/Objects-normal/${ARCH}\"\n    if [ -d \"$path\" ]; then\n      search_path=\"$path/*.o\"\n      for obj_file in $search_path; do\n        filelist+=\"${OBJROOT}/Pods.build/${obj_file}\"\n        filelist+=$'\\n'\n      done\n    fi\n  done\n  filelist=${filelist%$'\\n'}\n  echo \"$filelist\" > \"${CONFIGURATION}${EFFECTIVE_PLATFORM_NAME}-${TARGET_NAME}-${ARCH}.objects.filelist\"\ndone\n";
		};
		5361D2122162410E0036E296 /* Run Script */ = {
			isa = PBXShellScriptBuildPhase;
			buildActionMask = 2147483647;
			files = (
			);
			inputPaths = (
			);
			name = "Run Script";
			outputPaths = (
			);
			runOnlyForDeploymentPostprocessing = 0;
			shellPath = /bin/sh;
			shellScript = "#\"${SRCROOT}\"/Scripts/CodeSignUpdate.sh\n";
		};
		A8B20CAAE4466CA4BE7CFAAC /* [CP] Check Pods Manifest.lock */ = {
			isa = PBXShellScriptBuildPhase;
			buildActionMask = 2147483647;
			files = (
			);
			inputPaths = (
				"${PODS_PODFILE_DIR_PATH}/Podfile.lock",
				"${PODS_ROOT}/Manifest.lock",
			);
			name = "[CP] Check Pods Manifest.lock";
			outputPaths = (
				"$(DERIVED_FILE_DIR)/Pods-io.jari.AkkuHelper-checkManifestLockResult.txt",
			);
			runOnlyForDeploymentPostprocessing = 0;
			shellPath = /bin/sh;
			shellScript = "diff \"${PODS_PODFILE_DIR_PATH}/Podfile.lock\" \"${PODS_ROOT}/Manifest.lock\" > /dev/null\nif [ $? != 0 ] ; then\n    # print error to STDERR\n    echo \"error: The sandbox is not in sync with the Podfile.lock. Run 'pod install' or update your CocoaPods installation.\" >&2\n    exit 1\nfi\n# This output is used by Xcode 'outputs' to avoid re-running this script phase.\necho \"SUCCESS\" > \"${SCRIPT_OUTPUT_FILE_0}\"\n";
			showEnvVarsInLog = 0;
		};
		E1F3C2FFC6665066346A6298 /* [Amimono] Create filelist per architecture */ = {
			isa = PBXShellScriptBuildPhase;
			buildActionMask = 2147483647;
			files = (
			);
			inputPaths = (
			);
			name = "[Amimono] Create filelist per architecture";
			outputPaths = (
			);
			runOnlyForDeploymentPostprocessing = 0;
			shellPath = /bin/bash;
			shellScript = "declare -a DEPENDENCIES=('EMCLoginItem' 'Sentry-framework' 'SwiftyBeaver-framework');\nIFS=\" \" read -r -a SPLIT <<< \"$ARCHS\"\nfor ARCH in \"${SPLIT[@]}\"; do\n  cd \"$OBJROOT/Pods.build\"\n  filelist=\"\"\n  for dependency in \"${DEPENDENCIES[@]}\"; do\n    path=\"${CONFIGURATION}${EFFECTIVE_PLATFORM_NAME}/${dependency}.build/Objects-normal/${ARCH}\"\n    if [ -d \"$path\" ]; then\n      search_path=\"$path/*.o\"\n      for obj_file in $search_path; do\n        filelist+=\"${OBJROOT}/Pods.build/${obj_file}\"\n        filelist+=$'\\n'\n      done\n    fi\n  done\n  filelist=${filelist%$'\\n'}\n  echo \"$filelist\" > \"${CONFIGURATION}${EFFECTIVE_PLATFORM_NAME}-${TARGET_NAME}-${ARCH}.objects.filelist\"\ndone\n";
		};
		F0BA878096340B757F707E39 /* [CP] Check Pods Manifest.lock */ = {
			isa = PBXShellScriptBuildPhase;
			buildActionMask = 2147483647;
			files = (
			);
			inputPaths = (
				"${PODS_PODFILE_DIR_PATH}/Podfile.lock",
				"${PODS_ROOT}/Manifest.lock",
			);
			name = "[CP] Check Pods Manifest.lock";
			outputPaths = (
				"$(DERIVED_FILE_DIR)/Pods-Akku-checkManifestLockResult.txt",
			);
			runOnlyForDeploymentPostprocessing = 0;
			shellPath = /bin/sh;
			shellScript = "diff \"${PODS_PODFILE_DIR_PATH}/Podfile.lock\" \"${PODS_ROOT}/Manifest.lock\" > /dev/null\nif [ $? != 0 ] ; then\n    # print error to STDERR\n    echo \"error: The sandbox is not in sync with the Podfile.lock. Run 'pod install' or update your CocoaPods installation.\" >&2\n    exit 1\nfi\n# This output is used by Xcode 'outputs' to avoid re-running this script phase.\necho \"SUCCESS\" > \"${SCRIPT_OUTPUT_FILE_0}\"\n";
			showEnvVarsInLog = 0;
		};
/* End PBXShellScriptBuildPhase section */

/* Begin PBXSourcesBuildPhase section */
		53604BFF215E12F300071149 /* Sources */ = {
			isa = PBXSourcesBuildPhase;
			buildActionMask = 2147483647;
			files = (
				53604C07215E12F300071149 /* AppDelegate.swift in Sources */,
				49C458B221ABFB7C00AB9FB9 /* Extensions.swift in Sources */,
				535731AF215E1E5A009FDE00 /* HelperConstants.swift in Sources */,
				49415EBF2189F57D00C854F7 /* BatteryInfo.swift in Sources */,
				53604C2A215E1B0100071149 /* AppProtocol.swift in Sources */,
				53EE395F215E2631007310F5 /* HelperProtocol.swift in Sources */,
				49415EC7218B965E00C854F7 /* NSImage+tinting.swift in Sources */,
				49415EC3218A1C7A00C854F7 /* BatteryMenuItemController.swift in Sources */,
				49A57C4F218249E500119136 /* HelperAuthorizationRight.swift in Sources */,
				49A57C5321824B1A00119136 /* StatusMenuController.swift in Sources */,
				49A57C5121824AA400119136 /* HelperInstaller.swift in Sources */,
				49A57C4E218249E500119136 /* HelperAuthorization.swift in Sources */,
			);
			runOnlyForDeploymentPostprocessing = 0;
		};
		53604C14215E131D00071149 /* Sources */ = {
			isa = PBXSourcesBuildPhase;
			buildActionMask = 2147483647;
			files = (
				49A57C4C2182494100119136 /* HelperAuthorizationRight.swift in Sources */,
				49A57C472182359100119136 /* BluetoothHCIError.swift in Sources */,
				53C6B95E216767F0001A80FD /* CodesignCheck.swift in Sources */,
				4996492F21A5F5EF0088D8FE /* ConnectionRequest.swift in Sources */,
				49A57C482182359100119136 /* PacketType.swift in Sources */,
				49A57C492182359100119136 /* Driver.swift in Sources */,
				49A57C4D2182494100119136 /* HelperAuthorization.swift in Sources */,
				53604C2C215E1C2700071149 /* AppProtocol.swift in Sources */,
				49415EB82189E68100C854F7 /* CommandParser.swift in Sources */,
				49A57C452182359100119136 /* L2CapPacket.swift in Sources */,
				53604C1B215E131E00071149 /* main.swift in Sources */,
				49A57C462182359100119136 /* EventPacket.swift in Sources */,
				49A83C7D2189BECB005BFBFD /* L2CapCommand.swift in Sources */,
				53604C26215E185D00071149 /* HelperProtocol.swift in Sources */,
				49415EBE2189F57000C854F7 /* Connection.swift in Sources */,
				49A57C442182359100119136 /* RFCOMMPacket.swift in Sources */,
				49A57C432182359100119136 /* RFCOMMChannel.swift in Sources */,
				53604C22215E13E200071149 /* HelperConstants.swift in Sources */,
				53604C20215E134500071149 /* Helper.swift in Sources */,
				49A83C7A21867235005BFBFD /* kern_return_t+string.swift in Sources */,
				49A83C7721866F7C005BFBFD /* CVarArg+hex.swift in Sources */,
				49415EBD2189F56D00C854F7 /* BatteryInfo.swift in Sources */,
			);
			runOnlyForDeploymentPostprocessing = 0;
		};
/* End PBXSourcesBuildPhase section */

/* Begin PBXTargetDependency section */
		53EE395C215E22CE007310F5 /* PBXTargetDependency */ = {
			isa = PBXTargetDependency;
			target = 53604C17215E131D00071149 /* io.jari.AkkuHelper */;
			targetProxy = 49A57C342181DA1C00119136 /* PBXContainerItemProxy */;
		};
/* End PBXTargetDependency section */

/* Begin PBXVariantGroup section */
		53604C0A215E12F400071149 /* MainMenu.xib */ = {
			isa = PBXVariantGroup;
			children = (
				53604C0B215E12F400071149 /* Base */,
			);
			name = MainMenu.xib;
			sourceTree = "<group>";
		};
/* End PBXVariantGroup section */

/* Begin XCBuildConfiguration section */
		53604C0F215E12F400071149 /* Debug */ = {
			isa = XCBuildConfiguration;
			buildSettings = {
				ALWAYS_SEARCH_USER_PATHS = NO;
				CLANG_ANALYZER_NONNULL = YES;
				CLANG_ANALYZER_NUMBER_OBJECT_CONVERSION = YES_AGGRESSIVE;
				CLANG_CXX_LANGUAGE_STANDARD = "gnu++14";
				CLANG_CXX_LIBRARY = "libc++";
				CLANG_ENABLE_MODULES = YES;
				CLANG_ENABLE_OBJC_ARC = YES;
				CLANG_ENABLE_OBJC_WEAK = YES;
				CLANG_WARN_BLOCK_CAPTURE_AUTORELEASING = YES;
				CLANG_WARN_BOOL_CONVERSION = YES;
				CLANG_WARN_COMMA = YES;
				CLANG_WARN_CONSTANT_CONVERSION = YES;
				CLANG_WARN_DEPRECATED_OBJC_IMPLEMENTATIONS = YES;
				CLANG_WARN_DIRECT_OBJC_ISA_USAGE = YES_ERROR;
				CLANG_WARN_DOCUMENTATION_COMMENTS = YES;
				CLANG_WARN_EMPTY_BODY = YES;
				CLANG_WARN_ENUM_CONVERSION = YES;
				CLANG_WARN_INFINITE_RECURSION = YES;
				CLANG_WARN_INT_CONVERSION = YES;
				CLANG_WARN_NON_LITERAL_NULL_CONVERSION = YES;
				CLANG_WARN_OBJC_IMPLICIT_RETAIN_SELF = YES;
				CLANG_WARN_OBJC_LITERAL_CONVERSION = YES;
				CLANG_WARN_OBJC_ROOT_CLASS = YES_ERROR;
				CLANG_WARN_RANGE_LOOP_ANALYSIS = YES;
				CLANG_WARN_STRICT_PROTOTYPES = YES;
				CLANG_WARN_SUSPICIOUS_MOVE = YES;
				CLANG_WARN_UNGUARDED_AVAILABILITY = YES_AGGRESSIVE;
				CLANG_WARN_UNREACHABLE_CODE = YES;
				CLANG_WARN__DUPLICATE_METHOD_MATCH = YES;
				CODE_SIGN_IDENTITY = "Mac Developer";
				COPY_PHASE_STRIP = NO;
				DEBUG_INFORMATION_FORMAT = dwarf;
				ENABLE_STRICT_OBJC_MSGSEND = YES;
				ENABLE_TESTABILITY = YES;
				GCC_C_LANGUAGE_STANDARD = gnu11;
				GCC_DYNAMIC_NO_PIC = NO;
				GCC_NO_COMMON_BLOCKS = YES;
				GCC_OPTIMIZATION_LEVEL = 0;
				GCC_PREPROCESSOR_DEFINITIONS = (
					"DEBUG=1",
					"$(inherited)",
				);
				GCC_WARN_64_TO_32_BIT_CONVERSION = YES;
				GCC_WARN_ABOUT_RETURN_TYPE = YES_ERROR;
				GCC_WARN_UNDECLARED_SELECTOR = YES;
				GCC_WARN_UNINITIALIZED_AUTOS = YES_AGGRESSIVE;
				GCC_WARN_UNUSED_FUNCTION = YES;
				GCC_WARN_UNUSED_VARIABLE = YES;
				MACOSX_DEPLOYMENT_TARGET = 10.13;
				MTL_ENABLE_DEBUG_INFO = INCLUDE_SOURCE;
				MTL_FAST_MATH = YES;
				ONLY_ACTIVE_ARCH = YES;
				SDKROOT = macosx;
				SWIFT_ACTIVE_COMPILATION_CONDITIONS = DEBUG;
				SWIFT_OPTIMIZATION_LEVEL = "-Onone";
			};
			name = Debug;
		};
		53604C10215E12F400071149 /* Release */ = {
			isa = XCBuildConfiguration;
			buildSettings = {
				ALWAYS_SEARCH_USER_PATHS = NO;
				CLANG_ANALYZER_NONNULL = YES;
				CLANG_ANALYZER_NUMBER_OBJECT_CONVERSION = YES_AGGRESSIVE;
				CLANG_CXX_LANGUAGE_STANDARD = "gnu++14";
				CLANG_CXX_LIBRARY = "libc++";
				CLANG_ENABLE_MODULES = YES;
				CLANG_ENABLE_OBJC_ARC = YES;
				CLANG_ENABLE_OBJC_WEAK = YES;
				CLANG_WARN_BLOCK_CAPTURE_AUTORELEASING = YES;
				CLANG_WARN_BOOL_CONVERSION = YES;
				CLANG_WARN_COMMA = YES;
				CLANG_WARN_CONSTANT_CONVERSION = YES;
				CLANG_WARN_DEPRECATED_OBJC_IMPLEMENTATIONS = YES;
				CLANG_WARN_DIRECT_OBJC_ISA_USAGE = YES_ERROR;
				CLANG_WARN_DOCUMENTATION_COMMENTS = YES;
				CLANG_WARN_EMPTY_BODY = YES;
				CLANG_WARN_ENUM_CONVERSION = YES;
				CLANG_WARN_INFINITE_RECURSION = YES;
				CLANG_WARN_INT_CONVERSION = YES;
				CLANG_WARN_NON_LITERAL_NULL_CONVERSION = YES;
				CLANG_WARN_OBJC_IMPLICIT_RETAIN_SELF = YES;
				CLANG_WARN_OBJC_LITERAL_CONVERSION = YES;
				CLANG_WARN_OBJC_ROOT_CLASS = YES_ERROR;
				CLANG_WARN_RANGE_LOOP_ANALYSIS = YES;
				CLANG_WARN_STRICT_PROTOTYPES = YES;
				CLANG_WARN_SUSPICIOUS_MOVE = YES;
				CLANG_WARN_UNGUARDED_AVAILABILITY = YES_AGGRESSIVE;
				CLANG_WARN_UNREACHABLE_CODE = YES;
				CLANG_WARN__DUPLICATE_METHOD_MATCH = YES;
				CODE_SIGN_IDENTITY = "Mac Developer";
				COPY_PHASE_STRIP = NO;
				DEBUG_INFORMATION_FORMAT = "dwarf-with-dsym";
				ENABLE_NS_ASSERTIONS = NO;
				ENABLE_STRICT_OBJC_MSGSEND = YES;
				GCC_C_LANGUAGE_STANDARD = gnu11;
				GCC_NO_COMMON_BLOCKS = YES;
				GCC_WARN_64_TO_32_BIT_CONVERSION = YES;
				GCC_WARN_ABOUT_RETURN_TYPE = YES_ERROR;
				GCC_WARN_UNDECLARED_SELECTOR = YES;
				GCC_WARN_UNINITIALIZED_AUTOS = YES_AGGRESSIVE;
				GCC_WARN_UNUSED_FUNCTION = YES;
				GCC_WARN_UNUSED_VARIABLE = YES;
				MACOSX_DEPLOYMENT_TARGET = 10.13;
				MTL_ENABLE_DEBUG_INFO = NO;
				MTL_FAST_MATH = YES;
				SDKROOT = macosx;
				SWIFT_COMPILATION_MODE = wholemodule;
				SWIFT_OPTIMIZATION_LEVEL = "-O";
			};
			name = Release;
		};
		53604C12215E12F400071149 /* Debug */ = {
			isa = XCBuildConfiguration;
			baseConfigurationReference = 75F9A3D9EC5458C9B9157091 /* Pods-Akku.debug.xcconfig */;
			buildSettings = {
				ASSETCATALOG_COMPILER_APPICON_NAME = AppIcon;
				CODE_SIGN_IDENTITY = "Developer ID Application";
				CODE_SIGN_STYLE = Manual;
				COMBINE_HIDPI_IMAGES = YES;
				DEVELOPMENT_TEAM = JHKDY4UQ72;
				INFOPLIST_FILE = Akku/Info.plist;
				MACOSX_DEPLOYMENT_TARGET = 10.12;
				PRODUCT_BUNDLE_IDENTIFIER = io.jari.Akku;
				PRODUCT_NAME = "$(TARGET_NAME)";
				PROVISIONING_PROFILE_SPECIFIER = "";
				SWIFT_VERSION = 4.2;
			};
			name = Debug;
		};
		53604C13215E12F400071149 /* Release */ = {
			isa = XCBuildConfiguration;
			baseConfigurationReference = 1B4979FE873E1710EE994FFC /* Pods-Akku.release.xcconfig */;
			buildSettings = {
				ASSETCATALOG_COMPILER_APPICON_NAME = AppIcon;
				CODE_SIGN_IDENTITY = "Developer ID Application";
				CODE_SIGN_STYLE = Manual;
				COMBINE_HIDPI_IMAGES = YES;
				DEVELOPMENT_TEAM = JHKDY4UQ72;
				INFOPLIST_FILE = Akku/Info.plist;
				MACOSX_DEPLOYMENT_TARGET = 10.12;
				PRODUCT_BUNDLE_IDENTIFIER = io.jari.Akku;
				PRODUCT_NAME = "$(TARGET_NAME)";
				PROVISIONING_PROFILE_SPECIFIER = "";
				SWIFT_VERSION = 4.2;
			};
			name = Release;
		};
		53604C1D215E131E00071149 /* Debug */ = {
			isa = XCBuildConfiguration;
			baseConfigurationReference = 50A7B038D5A54FC3F1FB8719 /* Pods-io.jari.AkkuHelper.debug.xcconfig */;
			buildSettings = {
				CODE_SIGN_IDENTITY = "Developer ID Application";
				CODE_SIGN_STYLE = Manual;
				DEVELOPMENT_TEAM = JHKDY4UQ72;
				INFOPLIST_FILE = "$(SRCROOT)/AkkuHelper/Helper-Info.plist";
				MACOSX_DEPLOYMENT_TARGET = 10.12;
				OTHER_LDFLAGS = (
					"-sectcreate",
					__TEXT,
					__info_plist,
					"\"$(SRCROOT)/AkkuHelper/Helper-Info.plist\"",
					"-sectcreate",
					__TEXT,
					__launchd_plist,
					"\"$(SRCROOT)/AkkuHelper/Helper-Launchd.plist\"",
				);
				PRODUCT_BUNDLE_IDENTIFIER = io.jari.AkkuHelper;
				PRODUCT_NAME = "$(TARGET_NAME)";
				PROVISIONING_PROFILE_SPECIFIER = "";
				SKIP_INSTALL = YES;
				SWIFT_VERSION = 4.2;
			};
			name = Debug;
		};
		53604C1E215E131E00071149 /* Release */ = {
			isa = XCBuildConfiguration;
			baseConfigurationReference = 4FA9976E32DA4295A1702A7E /* Pods-io.jari.AkkuHelper.release.xcconfig */;
			buildSettings = {
				CODE_SIGN_IDENTITY = "Developer ID Application";
				CODE_SIGN_STYLE = Manual;
				DEVELOPMENT_TEAM = JHKDY4UQ72;
				INFOPLIST_FILE = "$(SRCROOT)/AkkuHelper/Helper-Info.plist";
				MACOSX_DEPLOYMENT_TARGET = 10.12;
				OTHER_LDFLAGS = (
					"-sectcreate",
					__TEXT,
					__info_plist,
					"\"$(SRCROOT)/AkkuHelper/Helper-Info.plist\"",
					"-sectcreate",
					__TEXT,
					__launchd_plist,
					"\"$(SRCROOT)/AkkuHelper/Helper-Launchd.plist\"",
				);
				PRODUCT_BUNDLE_IDENTIFIER = io.jari.AkkuHelper;
				PRODUCT_NAME = "$(TARGET_NAME)";
				PROVISIONING_PROFILE_SPECIFIER = "";
				SKIP_INSTALL = YES;
				SWIFT_VERSION = 4.2;
			};
			name = Release;
		};
/* End XCBuildConfiguration section */

/* Begin XCConfigurationList section */
		53604BFE215E12F300071149 /* Build configuration list for PBXProject "Akku" */ = {
			isa = XCConfigurationList;
			buildConfigurations = (
				53604C0F215E12F400071149 /* Debug */,
				53604C10215E12F400071149 /* Release */,
			);
			defaultConfigurationIsVisible = 0;
			defaultConfigurationName = Release;
		};
		53604C11215E12F400071149 /* Build configuration list for PBXNativeTarget "Akku" */ = {
			isa = XCConfigurationList;
			buildConfigurations = (
				53604C12215E12F400071149 /* Debug */,
				53604C13215E12F400071149 /* Release */,
			);
			defaultConfigurationIsVisible = 0;
			defaultConfigurationName = Release;
		};
		53604C1C215E131E00071149 /* Build configuration list for PBXNativeTarget "io.jari.AkkuHelper" */ = {
			isa = XCConfigurationList;
			buildConfigurations = (
				53604C1D215E131E00071149 /* Debug */,
				53604C1E215E131E00071149 /* Release */,
			);
			defaultConfigurationIsVisible = 0;
			defaultConfigurationName = Release;
		};
/* End XCConfigurationList section */
	};
	rootObject = 53604BFB215E12F300071149 /* Project object */;
}
